
Microsoft Visual Studio Solution File, Format Version 12.00
# Visual Studio Version 16
VisualStudioVersion = 16.0.29009.5
MinimumVisualStudioVersion = 10.0.40219.1
Project("{2150E333-8FDC-42A3-9474-1A3956D46DE8}") = "GateWays", "GateWays", "{5B826C61-408A-4984-A949-9F726F619406}"
EndProject
Project("{2150E333-8FDC-42A3-9474-1A3956D46DE8}") = "Services", "Services", "{619175D8-3AFA-41C5-9AA8-1F198E56AFB7}"
EndProject
Project("{2150E333-8FDC-42A3-9474-1A3956D46DE8}") = "Tests", "Tests", "{A540DE55-3F4B-48C0-9AE9-00B08FA4D134}"
EndProject
Project("{9A19103F-16F7-4668-BE54-9A1E7A4F7556}") = "RabbitMqTest", "Tests\RabbitMqTest\RabbitMqTest.csproj", "{69576358-BED6-47B2-8779-3C5B77808DF4}"
EndProject
Project("{9A19103F-16F7-4668-BE54-9A1E7A4F7556}") = "RabbitMqTestSender", "Tests\RabbitMqTestSender\RabbitMqTestSender.csproj", "{42543DCD-44FB-45CD-BFDE-C7C872F6A288}"
EndProject
Project("{9A19103F-16F7-4668-BE54-9A1E7A4F7556}") = "RabbitMqRecvTest", "Tests\RabbitMqRecvTest\RabbitMqRecvTest.csproj", "{012D1D80-67A3-462A-A4B4-2EC20FCC6748}"
EndProject
Project("{9A19103F-16F7-4668-BE54-9A1E7A4F7556}") = "Account.WebApi", "Services\Account\Account.WebApi\Account.WebApi.csproj", "{99B7E156-5996-449F-8DA2-CA5D76022130}"
EndProject
Project("{2150E333-8FDC-42A3-9474-1A3956D46DE8}") = "Account", "Account", "{9D498299-4E5F-4E1C-945B-E8920C38B1D4}"
EndProject
Project("{9A19103F-16F7-4668-BE54-9A1E7A4F7556}") = "Account.Application", "Services\Account\Account.Application\Account.Application.csproj", "{B7309D78-8595-4A3E-A269-78BF0BBA28AF}"
EndProject
Project("{9A19103F-16F7-4668-BE54-9A1E7A4F7556}") = "Account.Domain", "Services\Account\Account.Domain\Account.Domain.csproj", "{1B892894-F7E4-4133-B3EB-42720D5C5E35}"
EndProject
Project("{9A19103F-16F7-4668-BE54-9A1E7A4F7556}") = "Account.Infrastruct", "Services\Account\Account.Infrastruct\Account.Infrastruct.csproj", "{2B046F27-F857-44B1-A268-D18624DE6561}"
EndProject
Project("{9A19103F-16F7-4668-BE54-9A1E7A4F7556}") = "MassTransitTest", "Tests\MassTransitTest\MassTransitTest.csproj", "{6C811B69-E1FD-46E2-A473-DEBAFB2262E1}"
EndProject
Project("{9A19103F-16F7-4668-BE54-9A1E7A4F7556}") = "Message", "Tests\MassTransitMessage\Message.csproj", "{A928B3C4-2BFC-4678-B906-638ACCFF702D}"
EndProject
Project("{9A19103F-16F7-4668-BE54-9A1E7A4F7556}") = "ServiceStackRedisTest", "Tests\ServiceStackRedisTest\ServiceStackRedisTest.csproj", "{D7C08DBC-FF6C-4991-AF49-16C0FCA71777}"
EndProject
Project("{9A19103F-16F7-4668-BE54-9A1E7A4F7556}") = "StackExchangeRedisTest", "Tests\StackExchangeRedisTest\StackExchangeRedisTest.csproj", "{CA6E6FAB-62FB-4DA7-8664-C9D4C7FD7232}"
EndProject
Project("{9A19103F-16F7-4668-BE54-9A1E7A4F7556}") = "JsonTest", "Tests\JsonTest\JsonTest.csproj", "{889F8DE0-5EA9-49E8-ADB7-F28953C89B2C}"
EndProject
Project("{9A19103F-16F7-4668-BE54-9A1E7A4F7556}") = "WSGateWay", "GateWays\WSGateWay\WSGateWay.csproj", "{51C77BF9-0FB2-46F0-A97F-4707193D63AE}"
EndProject
Project("{9A19103F-16F7-4668-BE54-9A1E7A4F7556}") = "ReflectTest", "Tests\ReflectTest\ReflectTest.csproj", "{245D81FD-2705-4A88-B9BF-1C186F74E8BE}"
EndProject
Project("{9A19103F-16F7-4668-BE54-9A1E7A4F7556}") = "EasyNetQTest", "Tests\EasyNetQTest\EasyNetQTest.csproj", "{4B996339-A367-4497-AD4C-1996EB399163}"
EndProject
Project("{9A19103F-16F7-4668-BE54-9A1E7A4F7556}") = "TaskTest", "Tests\TaskTest\TaskTest.csproj", "{94C49BC5-4FFE-40C7-9A2A-95D5F2FD7955}"
EndProject
Project("{2150E333-8FDC-42A3-9474-1A3956D46DE8}") = "Sample", "Sample", "{423645A4-D7D5-4D97-B9AD-D47EB3DA568F}"
EndProject
Project("{9A19103F-16F7-4668-BE54-9A1E7A4F7556}") = "Sample.WebApi", "Services\Sample\Sample.WebApi\Sample.WebApi.csproj", "{9177DF0B-F34C-4A26-8B76-EDFB863CDC25}"
EndProject
Project("{9A19103F-16F7-4668-BE54-9A1E7A4F7556}") = "Sample.Infrastruct", "Services\Sample\Sample.Infrastruct\Sample.Infrastruct.csproj", "{F33E64E6-8F15-4C5F-AC11-190B31CAC559}"
EndProject
Project("{9A19103F-16F7-4668-BE54-9A1E7A4F7556}") = "Sample.Domain", "Services\Sample\Sample.Domain\Sample.Domain.csproj", "{27AA8948-7692-4FBA-BFAF-11E17164D619}"
EndProject
Project("{9A19103F-16F7-4668-BE54-9A1E7A4F7556}") = "Sample.Application", "Services\Sample\Sample.Application\Sample.Application.csproj", "{1831B8A9-6620-4F0D-B0E4-99C1BE5BF021}"
EndProject
Project("{2150E333-8FDC-42A3-9474-1A3956D46DE8}") = "Money", "Money", "{F2C20413-5EE9-40C4-A50C-C5CFC8BF4F40}"
EndProject
Project("{9A19103F-16F7-4668-BE54-9A1E7A4F7556}") = "Money.WebApi", "Services\Money\Money.WebApi\Money.WebApi.csproj", "{42509BF6-9E80-4F77-BA0C-71FD6952E6D8}"
EndProject
Project("{9A19103F-16F7-4668-BE54-9A1E7A4F7556}") = "Money.Infrastruct", "Services\Money\Money.Infrastruct\Money.Infrastruct.csproj", "{2C01A71D-AA05-4CAD-9AEC-A11E61FF699D}"
EndProject
Project("{9A19103F-16F7-4668-BE54-9A1E7A4F7556}") = "Money.Domain", "Services\Money\Money.Domain\Money.Domain.csproj", "{13438856-15FB-4045-BC7C-5CDE3E0ED760}"
EndProject
Project("{9A19103F-16F7-4668-BE54-9A1E7A4F7556}") = "Money.Application", "Services\Money\Money.Application\Money.Application.csproj", "{A2D88CED-665A-49BA-A228-C3F6C0CCC6AD}"
EndProject
Project("{9A19103F-16F7-4668-BE54-9A1E7A4F7556}") = "Sample.Test", "Services\Sample\Sample.Test\Sample.Test.csproj", "{83944E28-B221-4E55-A647-99316AFAE02C}"
EndProject
Project("{9A19103F-16F7-4668-BE54-9A1E7A4F7556}") = "Money.Test", "Services\Money\Money.Test\Money.Test.csproj", "{98F79BE7-EEB3-406C-BFF1-815F4F54075C}"
EndProject
Project("{2150E333-8FDC-42A3-9474-1A3956D46DE8}") = "Sangong", "Sangong", "{B9DEE3AA-28DC-46EF-B91E-BDF24EB918E8}"
EndProject
Project("{9A19103F-16F7-4668-BE54-9A1E7A4F7556}") = "Sangong.Test", "Services\Sangong\Sangong.Test\Sangong.Test.csproj", "{0EAAAAFA-508D-4677-8D5C-4E18F803CDB9}"
EndProject
Project("{9A19103F-16F7-4668-BE54-9A1E7A4F7556}") = "Sangong.Infrastruct", "Services\Sangong\Sangong.Infrastruct\Sangong.Infrastruct.csproj", "{FA2D619D-BF29-469A-9E6C-2C127D15C38C}"
EndProject
Project("{9A19103F-16F7-4668-BE54-9A1E7A4F7556}") = "Sangong.Domain", "Services\Sangong\Sangong.Domain\Sangong.Domain.csproj", "{BB7A5C24-84B6-4EA7-9504-0ABBDDAF59E7}"
EndProject
Project("{9A19103F-16F7-4668-BE54-9A1E7A4F7556}") = "Sangong.Application", "Services\Sangong\Sangong.Application\Sangong.Application.csproj", "{0E33621D-30E8-447C-BB4A-2435CD6CFAE9}"
EndProject
Project("{9A19103F-16F7-4668-BE54-9A1E7A4F7556}") = "Sangong.Game.WebApi", "Services\Sangong\Sangong.Game.WebApi\Sangong.Game.WebApi.csproj", "{AB1E3942-A46E-4233-9A9E-C6CC46323C6D}"
EndProject
Project("{9A19103F-16F7-4668-BE54-9A1E7A4F7556}") = "Sangong.Matching.WebApi", "Services\Sangong\Sangong.Matching.WebApi\Sangong.Matching.WebApi.csproj", "{35AD92FE-D0F7-4623-83DC-8DDFE151670F}"
EndProject
Project("{9A19103F-16F7-4668-BE54-9A1E7A4F7556}") = "CollectionTest", "Tests\CollectionTest\CollectionTest.csproj", "{79A2A58E-36DA-44C7-B0CE-DEEAAB65A7C2}"
EndProject
Project("{9A19103F-16F7-4668-BE54-9A1E7A4F7556}") = "SynchronizationContextTest", "Tests\SynchronizationContextTest\SynchronizationContextTest.csproj", "{180EB876-330A-4F5C-B13A-C941987E38C2}"
EndProject
Project("{9A19103F-16F7-4668-BE54-9A1E7A4F7556}") = "Account.Test", "Services\Account\Account.Test\Account.Test.csproj", "{26E7D4F5-BE8E-434A-9699-D3B9BBC72CC8}"
EndProject
Project("{9A19103F-16F7-4668-BE54-9A1E7A4F7556}") = "ApiGateWay", "GateWays\ApiGateWay\ApiGateWay.csproj", "{59463E25-AD00-42CC-BAE8-8A3F0FF1D200}"
EndProject
Project("{2150E333-8FDC-42A3-9474-1A3956D46DE8}") = "Commons", "Commons", "{BD530C76-D19B-494A-BB09-88DBD0AE0702}"
EndProject
Project("{9A19103F-16F7-4668-BE54-9A1E7A4F7556}") = "Commons", "Commons\Commons.csproj", "{DF40EAB9-7F72-4369-8E9C-A43E11C6AE7C}"
EndProject
Project("{9A19103F-16F7-4668-BE54-9A1E7A4F7556}") = "Sangong.Robot", "Services\Sangong\Sangong.Robot\Sangong.Robot.csproj", "{C1982832-FF27-45DD-B134-DCD8FCCDC5B7}"
EndProject
Project("{9A19103F-16F7-4668-BE54-9A1E7A4F7556}") = "InterfaceDemo", "GateWays\InterfaceDemo\InterfaceDemo.csproj", "{ED4721F9-0D37-4B14-A385-6AA1D5927E4C}"
EndProject
Project("{2150E333-8FDC-42A3-9474-1A3956D46DE8}") = "Reward", "Reward", "{51503860-4449-4B66-83A6-A2B96CC922C7}"
EndProject
Project("{9A19103F-16F7-4668-BE54-9A1E7A4F7556}") = "Reward.Application", "Services\Reward\Reward.Application\Reward.Application.csproj", "{3D458445-580C-4481-8D92-0F57BF00AA2B}"
EndProject
Project("{9A19103F-16F7-4668-BE54-9A1E7A4F7556}") = "Reward.Domain", "Services\Reward\Reward.Domain\Reward.Domain.csproj", "{1D103798-DC30-466B-B07E-AE7D1625D7C7}"
EndProject
Project("{9A19103F-16F7-4668-BE54-9A1E7A4F7556}") = "Reward.Test", "Services\Reward\Reward.Test\Reward.Test.csproj", "{8687F3D0-ABE5-4B58-8085-8AA1CD0029A9}"
EndProject
Project("{9A19103F-16F7-4668-BE54-9A1E7A4F7556}") = "Reward.Infrastruct", "Services\Reward\Reward.Infrastruct\Reward.Infrastruct.csproj", "{2E0319BA-8974-40CD-91AC-13ED3AC8251C}"
EndProject
Project("{9A19103F-16F7-4668-BE54-9A1E7A4F7556}") = "Reward.WebApi", "Services\Reward\Reward.WebApi\Reward.WebApi.csproj", "{9BEAC1CE-E35E-47D6-A816-67360923F06F}"
EndProject
Project("{2150E333-8FDC-42A3-9474-1A3956D46DE8}") = "ServerLog", "ServerLog", "{7EAFD272-A74B-4969-8416-B9513CD1933A}"
EndProject
Project("{9A19103F-16F7-4668-BE54-9A1E7A4F7556}") = "ServerLog.Application", "Services\ServerLog\ServerLog.Application\ServerLog.Application.csproj", "{12483724-0F5A-48F1-97A4-FB2D2EFBA2F0}"
EndProject
Project("{9A19103F-16F7-4668-BE54-9A1E7A4F7556}") = "ServerLog.Domain", "Services\ServerLog\ServerLog.Domain\ServerLog.Domain.csproj", "{F2A008EF-A866-4659-BCA0-85C124DF335D}"
EndProject
Project("{9A19103F-16F7-4668-BE54-9A1E7A4F7556}") = "ServerLog.Infrastruct", "Services\ServerLog\ServerLog.Infrastruct\ServerLog.Infrastruct.csproj", "{E3323E97-6519-44F9-9B34-CEB1112FB544}"
EndProject
Project("{9A19103F-16F7-4668-BE54-9A1E7A4F7556}") = "ServerLog.WebApi", "Services\ServerLog\ServerLog.WebApi\ServerLog.WebApi.csproj", "{8C5F820C-99FB-4BDC-A91A-895FEA139464}"
EndProject
Project("{2150E333-8FDC-42A3-9474-1A3956D46DE8}") = "Friend", "Friend", "{58CA0835-6A8B-461D-80E3-87E1858BDEE5}"
EndProject
Project("{9A19103F-16F7-4668-BE54-9A1E7A4F7556}") = "Friend.Application", "Services\Friend\Friend.Application\Friend.Application.csproj", "{CECE4EDB-D9DE-48AE-9EDF-594F232C5B74}"
EndProject
Project("{9A19103F-16F7-4668-BE54-9A1E7A4F7556}") = "Friend.Domain", "Services\Friend\Friend.Domain\Friend.Domain.csproj", "{D9DEEF14-96E3-4E03-A8E9-4DD7E2F8CD3D}"
EndProject
Project("{9A19103F-16F7-4668-BE54-9A1E7A4F7556}") = "Friend.Infrastruct", "Services\Friend\Friend.Infrastruct\Friend.Infrastruct.csproj", "{42B39A6B-6E0A-4961-901B-3633245B8949}"
EndProject
Project("{9A19103F-16F7-4668-BE54-9A1E7A4F7556}") = "Friend.WebApi", "Services\Friend\Friend.WebApi\Friend.WebApi.csproj", "{1862BD1B-5642-4F23-8068-906A5428BF9B}"
EndProject
Project("{2150E333-8FDC-42A3-9474-1A3956D46DE8}") = "MsgCenter", "MsgCenter", "{5403D00E-D4B7-4A6E-857E-46CEC954EF1D}"
EndProject
Project("{9A19103F-16F7-4668-BE54-9A1E7A4F7556}") = "MsgCenter.Application", "Services\MsgCenter\MsgCenter.Application\MsgCenter.Application.csproj", "{8B67B9CB-8CC3-4B37-ABF3-5D1E73418A07}"
EndProject
Project("{9A19103F-16F7-4668-BE54-9A1E7A4F7556}") = "MsgCenter.Domain", "Services\MsgCenter\MsgCenter.Domain\MsgCenter.Domain.csproj", "{C90E2ADC-8777-437E-9A01-5292DDC06BD0}"
EndProject
Project("{9A19103F-16F7-4668-BE54-9A1E7A4F7556}") = "MsgCenter.Infrastruct", "Services\MsgCenter\MsgCenter.Infrastruct\MsgCenter.Infrastruct.csproj", "{A418786B-4BCD-4419-A954-2D6484F48D59}"
EndProject
Project("{9A19103F-16F7-4668-BE54-9A1E7A4F7556}") = "MsgCenter.WebApi", "Services\MsgCenter\MsgCenter.WebApi\MsgCenter.WebApi.csproj", "{B8C2D9BC-53E8-482C-90F5-C749A1FF258A}"
EndProject
Project("{2150E333-8FDC-42A3-9474-1A3956D46DE8}") = "UploadFile", "UploadFile", "{FD51CDE2-DE71-431B-9663-99790DF187FC}"
EndProject
Project("{9A19103F-16F7-4668-BE54-9A1E7A4F7556}") = "UploadFile.WebApi", "Services\UploadFile\UploadFile.WebApi\UploadFile.WebApi.csproj", "{373BA10F-457B-46F4-9426-9F70CCA4BA04}"
EndProject
Project("{9A19103F-16F7-4668-BE54-9A1E7A4F7556}") = "UploadTest", "Tests\UploadTest\UploadTest.csproj", "{4DD6F212-FD72-4139-8195-10688E5E4F19}"
EndProject
Project("{2150E333-8FDC-42A3-9474-1A3956D46DE8}") = "AppSetting", "AppSetting", "{F8039E02-F7E9-45A1-B8D1-7A735955E8D8}"
EndProject
Project("{9A19103F-16F7-4668-BE54-9A1E7A4F7556}") = "AppSetting.Application", "Services\AppSetting\AppSetting.Application\AppSetting.Application.csproj", "{FCF3819E-9E24-4EC7-9448-CEFAB3981D8D}"
EndProject
Project("{9A19103F-16F7-4668-BE54-9A1E7A4F7556}") = "AppSetting.Domain", "Services\AppSetting\AppSetting.Domain\AppSetting.Domain.csproj", "{0D965E50-AAA9-44CF-B89B-923BE68BB9A8}"
EndProject
Project("{9A19103F-16F7-4668-BE54-9A1E7A4F7556}") = "AppSetting.Infrastruct", "Services\AppSetting\AppSetting.Infrastruct\AppSetting.Infrastruct.csproj", "{7D6AAD75-F77F-4B15-925F-FD7FC7D4C07B}"
EndProject
Project("{9A19103F-16F7-4668-BE54-9A1E7A4F7556}") = "AppSetting.WebApi", "Services\AppSetting\AppSetting.WebApi\AppSetting.WebApi.csproj", "{28B2CC1A-6525-4406-B1AF-0ED7C72B9782}"
EndProject
Project("{2150E333-8FDC-42A3-9474-1A3956D46DE8}") = "GameSample", "GameSample", "{AD374886-D12A-41CF-9E04-A75FA153A712}"
EndProject
Project("{9A19103F-16F7-4668-BE54-9A1E7A4F7556}") = "GameSample.Application", "Services\GameSample\GameSample.Application\GameSample.Application.csproj", "{218B5BAD-B571-41A1-904D-B95634369CA3}"
EndProject
Project("{9A19103F-16F7-4668-BE54-9A1E7A4F7556}") = "GameSample.Domain", "Services\GameSample\GameSample.Domain\GameSample.Domain.csproj", "{C722BB47-9C29-47E5-84CE-2F6A86BAFF03}"
EndProject
Project("{9A19103F-16F7-4668-BE54-9A1E7A4F7556}") = "GameSample.Game.WebApi", "Services\GameSample\GameSample.Game.WebApi\GameSample.Game.WebApi.csproj", "{55E7FAE0-9088-41FC-A8BE-0532F5B4D210}"
EndProject
Project("{9A19103F-16F7-4668-BE54-9A1E7A4F7556}") = "GameSample.Infrastruct", "Services\GameSample\GameSample.Infrastruct\GameSample.Infrastruct.csproj", "{8D94670E-48C0-4E1F-A302-F3F6B5828206}"
EndProject
Project("{9A19103F-16F7-4668-BE54-9A1E7A4F7556}") = "GameSample.Matching.WebApi", "Services\GameSample\GameSample.Matching.WebApi\GameSample.Matching.WebApi.csproj", "{E4E2CDC1-37C9-4DE9-AB2C-711136A28683}"
EndProject
Project("{2150E333-8FDC-42A3-9474-1A3956D46DE8}") = "Dummy", "Dummy", "{D2BC039A-C11A-4080-B5ED-0AB75DAE41DD}"
EndProject
Project("{9A19103F-16F7-4668-BE54-9A1E7A4F7556}") = "Dummy.Application", "Services\Dummy\Dummy.Application\Dummy.Application.csproj", "{6F0C8EFE-FF69-4401-AA3A-4071881EF718}"
EndProject
Project("{9A19103F-16F7-4668-BE54-9A1E7A4F7556}") = "Dummy.Domain", "Services\Dummy\Dummy.Domain\Dummy.Domain.csproj", "{B760ABE7-FFF3-4CBE-ADD0-58D6E69488D1}"
EndProject
Project("{9A19103F-16F7-4668-BE54-9A1E7A4F7556}") = "Dummy.Game.WebApi", "Services\Dummy\Dummy.Game.WebApi\Dummy.Game.WebApi.csproj", "{9F75B330-81A3-4227-A030-EBEA781E2272}"
EndProject
Project("{9A19103F-16F7-4668-BE54-9A1E7A4F7556}") = "Dummy.Infrastruct", "Services\Dummy\Dummy.Infrastruct\Dummy.Infrastruct.csproj", "{CC657E3E-2B3A-49E1-80BA-B46B38B9F28C}"
EndProject
Project("{9A19103F-16F7-4668-BE54-9A1E7A4F7556}") = "Dummy.Matching.WebApi", "Services\Dummy\Dummy.Matching.WebApi\Dummy.Matching.WebApi.csproj", "{3AC7A4FE-07DC-4B5E-AB94-1614D4504DCE}"
EndProject
Global
	GlobalSection(SolutionConfigurationPlatforms) = preSolution
		Debug|Any CPU = Debug|Any CPU
		Release|Any CPU = Release|Any CPU
	EndGlobalSection
	GlobalSection(ProjectConfigurationPlatforms) = postSolution
		{69576358-BED6-47B2-8779-3C5B77808DF4}.Debug|Any CPU.ActiveCfg = Debug|Any CPU
		{69576358-BED6-47B2-8779-3C5B77808DF4}.Debug|Any CPU.Build.0 = Debug|Any CPU
		{69576358-BED6-47B2-8779-3C5B77808DF4}.Release|Any CPU.ActiveCfg = Release|Any CPU
		{69576358-BED6-47B2-8779-3C5B77808DF4}.Release|Any CPU.Build.0 = Release|Any CPU
		{42543DCD-44FB-45CD-BFDE-C7C872F6A288}.Debug|Any CPU.ActiveCfg = Debug|Any CPU
		{42543DCD-44FB-45CD-BFDE-C7C872F6A288}.Debug|Any CPU.Build.0 = Debug|Any CPU
		{42543DCD-44FB-45CD-BFDE-C7C872F6A288}.Release|Any CPU.ActiveCfg = Release|Any CPU
		{42543DCD-44FB-45CD-BFDE-C7C872F6A288}.Release|Any CPU.Build.0 = Release|Any CPU
		{012D1D80-67A3-462A-A4B4-2EC20FCC6748}.Debug|Any CPU.ActiveCfg = Debug|Any CPU
		{012D1D80-67A3-462A-A4B4-2EC20FCC6748}.Debug|Any CPU.Build.0 = Debug|Any CPU
		{012D1D80-67A3-462A-A4B4-2EC20FCC6748}.Release|Any CPU.ActiveCfg = Release|Any CPU
		{012D1D80-67A3-462A-A4B4-2EC20FCC6748}.Release|Any CPU.Build.0 = Release|Any CPU
		{99B7E156-5996-449F-8DA2-CA5D76022130}.Debug|Any CPU.ActiveCfg = Debug|Any CPU
		{99B7E156-5996-449F-8DA2-CA5D76022130}.Debug|Any CPU.Build.0 = Debug|Any CPU
		{99B7E156-5996-449F-8DA2-CA5D76022130}.Release|Any CPU.ActiveCfg = Release|Any CPU
		{99B7E156-5996-449F-8DA2-CA5D76022130}.Release|Any CPU.Build.0 = Release|Any CPU
		{B7309D78-8595-4A3E-A269-78BF0BBA28AF}.Debug|Any CPU.ActiveCfg = Debug|Any CPU
		{B7309D78-8595-4A3E-A269-78BF0BBA28AF}.Debug|Any CPU.Build.0 = Debug|Any CPU
		{B7309D78-8595-4A3E-A269-78BF0BBA28AF}.Release|Any CPU.ActiveCfg = Release|Any CPU
		{B7309D78-8595-4A3E-A269-78BF0BBA28AF}.Release|Any CPU.Build.0 = Release|Any CPU
		{1B892894-F7E4-4133-B3EB-42720D5C5E35}.Debug|Any CPU.ActiveCfg = Debug|Any CPU
		{1B892894-F7E4-4133-B3EB-42720D5C5E35}.Debug|Any CPU.Build.0 = Debug|Any CPU
		{1B892894-F7E4-4133-B3EB-42720D5C5E35}.Release|Any CPU.ActiveCfg = Release|Any CPU
		{1B892894-F7E4-4133-B3EB-42720D5C5E35}.Release|Any CPU.Build.0 = Release|Any CPU
		{2B046F27-F857-44B1-A268-D18624DE6561}.Debug|Any CPU.ActiveCfg = Debug|Any CPU
		{2B046F27-F857-44B1-A268-D18624DE6561}.Debug|Any CPU.Build.0 = Debug|Any CPU
		{2B046F27-F857-44B1-A268-D18624DE6561}.Release|Any CPU.ActiveCfg = Release|Any CPU
		{2B046F27-F857-44B1-A268-D18624DE6561}.Release|Any CPU.Build.0 = Release|Any CPU
		{6C811B69-E1FD-46E2-A473-DEBAFB2262E1}.Debug|Any CPU.ActiveCfg = Debug|Any CPU
		{6C811B69-E1FD-46E2-A473-DEBAFB2262E1}.Debug|Any CPU.Build.0 = Debug|Any CPU
		{6C811B69-E1FD-46E2-A473-DEBAFB2262E1}.Release|Any CPU.ActiveCfg = Release|Any CPU
		{6C811B69-E1FD-46E2-A473-DEBAFB2262E1}.Release|Any CPU.Build.0 = Release|Any CPU
		{A928B3C4-2BFC-4678-B906-638ACCFF702D}.Debug|Any CPU.ActiveCfg = Debug|Any CPU
		{A928B3C4-2BFC-4678-B906-638ACCFF702D}.Debug|Any CPU.Build.0 = Debug|Any CPU
		{A928B3C4-2BFC-4678-B906-638ACCFF702D}.Release|Any CPU.ActiveCfg = Release|Any CPU
		{A928B3C4-2BFC-4678-B906-638ACCFF702D}.Release|Any CPU.Build.0 = Release|Any CPU
		{D7C08DBC-FF6C-4991-AF49-16C0FCA71777}.Debug|Any CPU.ActiveCfg = Debug|Any CPU
		{D7C08DBC-FF6C-4991-AF49-16C0FCA71777}.Debug|Any CPU.Build.0 = Debug|Any CPU
		{D7C08DBC-FF6C-4991-AF49-16C0FCA71777}.Release|Any CPU.ActiveCfg = Release|Any CPU
		{D7C08DBC-FF6C-4991-AF49-16C0FCA71777}.Release|Any CPU.Build.0 = Release|Any CPU
		{CA6E6FAB-62FB-4DA7-8664-C9D4C7FD7232}.Debug|Any CPU.ActiveCfg = Debug|Any CPU
		{CA6E6FAB-62FB-4DA7-8664-C9D4C7FD7232}.Debug|Any CPU.Build.0 = Debug|Any CPU
		{CA6E6FAB-62FB-4DA7-8664-C9D4C7FD7232}.Release|Any CPU.ActiveCfg = Release|Any CPU
		{CA6E6FAB-62FB-4DA7-8664-C9D4C7FD7232}.Release|Any CPU.Build.0 = Release|Any CPU
		{889F8DE0-5EA9-49E8-ADB7-F28953C89B2C}.Debug|Any CPU.ActiveCfg = Debug|Any CPU
		{889F8DE0-5EA9-49E8-ADB7-F28953C89B2C}.Debug|Any CPU.Build.0 = Debug|Any CPU
		{889F8DE0-5EA9-49E8-ADB7-F28953C89B2C}.Release|Any CPU.ActiveCfg = Release|Any CPU
		{889F8DE0-5EA9-49E8-ADB7-F28953C89B2C}.Release|Any CPU.Build.0 = Release|Any CPU
		{51C77BF9-0FB2-46F0-A97F-4707193D63AE}.Debug|Any CPU.ActiveCfg = Debug|Any CPU
		{51C77BF9-0FB2-46F0-A97F-4707193D63AE}.Debug|Any CPU.Build.0 = Debug|Any CPU
		{51C77BF9-0FB2-46F0-A97F-4707193D63AE}.Release|Any CPU.ActiveCfg = Release|Any CPU
		{51C77BF9-0FB2-46F0-A97F-4707193D63AE}.Release|Any CPU.Build.0 = Release|Any CPU
		{245D81FD-2705-4A88-B9BF-1C186F74E8BE}.Debug|Any CPU.ActiveCfg = Debug|Any CPU
		{245D81FD-2705-4A88-B9BF-1C186F74E8BE}.Debug|Any CPU.Build.0 = Debug|Any CPU
		{245D81FD-2705-4A88-B9BF-1C186F74E8BE}.Release|Any CPU.ActiveCfg = Release|Any CPU
		{245D81FD-2705-4A88-B9BF-1C186F74E8BE}.Release|Any CPU.Build.0 = Release|Any CPU
		{4B996339-A367-4497-AD4C-1996EB399163}.Debug|Any CPU.ActiveCfg = Debug|Any CPU
		{4B996339-A367-4497-AD4C-1996EB399163}.Debug|Any CPU.Build.0 = Debug|Any CPU
		{4B996339-A367-4497-AD4C-1996EB399163}.Release|Any CPU.ActiveCfg = Release|Any CPU
		{4B996339-A367-4497-AD4C-1996EB399163}.Release|Any CPU.Build.0 = Release|Any CPU
		{94C49BC5-4FFE-40C7-9A2A-95D5F2FD7955}.Debug|Any CPU.ActiveCfg = Debug|Any CPU
		{94C49BC5-4FFE-40C7-9A2A-95D5F2FD7955}.Debug|Any CPU.Build.0 = Debug|Any CPU
		{94C49BC5-4FFE-40C7-9A2A-95D5F2FD7955}.Release|Any CPU.ActiveCfg = Release|Any CPU
		{94C49BC5-4FFE-40C7-9A2A-95D5F2FD7955}.Release|Any CPU.Build.0 = Release|Any CPU
		{9177DF0B-F34C-4A26-8B76-EDFB863CDC25}.Debug|Any CPU.ActiveCfg = Debug|Any CPU
		{9177DF0B-F34C-4A26-8B76-EDFB863CDC25}.Debug|Any CPU.Build.0 = Debug|Any CPU
		{9177DF0B-F34C-4A26-8B76-EDFB863CDC25}.Release|Any CPU.ActiveCfg = Release|Any CPU
		{9177DF0B-F34C-4A26-8B76-EDFB863CDC25}.Release|Any CPU.Build.0 = Release|Any CPU
		{F33E64E6-8F15-4C5F-AC11-190B31CAC559}.Debug|Any CPU.ActiveCfg = Debug|Any CPU
		{F33E64E6-8F15-4C5F-AC11-190B31CAC559}.Debug|Any CPU.Build.0 = Debug|Any CPU
		{F33E64E6-8F15-4C5F-AC11-190B31CAC559}.Release|Any CPU.ActiveCfg = Release|Any CPU
		{F33E64E6-8F15-4C5F-AC11-190B31CAC559}.Release|Any CPU.Build.0 = Release|Any CPU
		{27AA8948-7692-4FBA-BFAF-11E17164D619}.Debug|Any CPU.ActiveCfg = Debug|Any CPU
		{27AA8948-7692-4FBA-BFAF-11E17164D619}.Debug|Any CPU.Build.0 = Debug|Any CPU
		{27AA8948-7692-4FBA-BFAF-11E17164D619}.Release|Any CPU.ActiveCfg = Release|Any CPU
		{27AA8948-7692-4FBA-BFAF-11E17164D619}.Release|Any CPU.Build.0 = Release|Any CPU
		{1831B8A9-6620-4F0D-B0E4-99C1BE5BF021}.Debug|Any CPU.ActiveCfg = Debug|Any CPU
		{1831B8A9-6620-4F0D-B0E4-99C1BE5BF021}.Debug|Any CPU.Build.0 = Debug|Any CPU
		{1831B8A9-6620-4F0D-B0E4-99C1BE5BF021}.Release|Any CPU.ActiveCfg = Release|Any CPU
		{1831B8A9-6620-4F0D-B0E4-99C1BE5BF021}.Release|Any CPU.Build.0 = Release|Any CPU
		{42509BF6-9E80-4F77-BA0C-71FD6952E6D8}.Debug|Any CPU.ActiveCfg = Debug|Any CPU
		{42509BF6-9E80-4F77-BA0C-71FD6952E6D8}.Debug|Any CPU.Build.0 = Debug|Any CPU
		{42509BF6-9E80-4F77-BA0C-71FD6952E6D8}.Release|Any CPU.ActiveCfg = Release|Any CPU
		{42509BF6-9E80-4F77-BA0C-71FD6952E6D8}.Release|Any CPU.Build.0 = Release|Any CPU
		{2C01A71D-AA05-4CAD-9AEC-A11E61FF699D}.Debug|Any CPU.ActiveCfg = Debug|Any CPU
		{2C01A71D-AA05-4CAD-9AEC-A11E61FF699D}.Debug|Any CPU.Build.0 = Debug|Any CPU
		{2C01A71D-AA05-4CAD-9AEC-A11E61FF699D}.Release|Any CPU.ActiveCfg = Release|Any CPU
		{2C01A71D-AA05-4CAD-9AEC-A11E61FF699D}.Release|Any CPU.Build.0 = Release|Any CPU
		{13438856-15FB-4045-BC7C-5CDE3E0ED760}.Debug|Any CPU.ActiveCfg = Debug|Any CPU
		{13438856-15FB-4045-BC7C-5CDE3E0ED760}.Debug|Any CPU.Build.0 = Debug|Any CPU
		{13438856-15FB-4045-BC7C-5CDE3E0ED760}.Release|Any CPU.ActiveCfg = Release|Any CPU
		{13438856-15FB-4045-BC7C-5CDE3E0ED760}.Release|Any CPU.Build.0 = Release|Any CPU
		{A2D88CED-665A-49BA-A228-C3F6C0CCC6AD}.Debug|Any CPU.ActiveCfg = Debug|Any CPU
		{A2D88CED-665A-49BA-A228-C3F6C0CCC6AD}.Debug|Any CPU.Build.0 = Debug|Any CPU
		{A2D88CED-665A-49BA-A228-C3F6C0CCC6AD}.Release|Any CPU.ActiveCfg = Release|Any CPU
		{A2D88CED-665A-49BA-A228-C3F6C0CCC6AD}.Release|Any CPU.Build.0 = Release|Any CPU
		{83944E28-B221-4E55-A647-99316AFAE02C}.Debug|Any CPU.ActiveCfg = Debug|Any CPU
		{83944E28-B221-4E55-A647-99316AFAE02C}.Debug|Any CPU.Build.0 = Debug|Any CPU
		{83944E28-B221-4E55-A647-99316AFAE02C}.Release|Any CPU.ActiveCfg = Release|Any CPU
		{83944E28-B221-4E55-A647-99316AFAE02C}.Release|Any CPU.Build.0 = Release|Any CPU
		{98F79BE7-EEB3-406C-BFF1-815F4F54075C}.Debug|Any CPU.ActiveCfg = Debug|Any CPU
		{98F79BE7-EEB3-406C-BFF1-815F4F54075C}.Debug|Any CPU.Build.0 = Debug|Any CPU
		{98F79BE7-EEB3-406C-BFF1-815F4F54075C}.Release|Any CPU.ActiveCfg = Release|Any CPU
		{98F79BE7-EEB3-406C-BFF1-815F4F54075C}.Release|Any CPU.Build.0 = Release|Any CPU
		{0EAAAAFA-508D-4677-8D5C-4E18F803CDB9}.Debug|Any CPU.ActiveCfg = Debug|Any CPU
		{0EAAAAFA-508D-4677-8D5C-4E18F803CDB9}.Debug|Any CPU.Build.0 = Debug|Any CPU
		{0EAAAAFA-508D-4677-8D5C-4E18F803CDB9}.Release|Any CPU.ActiveCfg = Release|Any CPU
		{0EAAAAFA-508D-4677-8D5C-4E18F803CDB9}.Release|Any CPU.Build.0 = Release|Any CPU
		{FA2D619D-BF29-469A-9E6C-2C127D15C38C}.Debug|Any CPU.ActiveCfg = Debug|Any CPU
		{FA2D619D-BF29-469A-9E6C-2C127D15C38C}.Debug|Any CPU.Build.0 = Debug|Any CPU
		{FA2D619D-BF29-469A-9E6C-2C127D15C38C}.Release|Any CPU.ActiveCfg = Release|Any CPU
		{FA2D619D-BF29-469A-9E6C-2C127D15C38C}.Release|Any CPU.Build.0 = Release|Any CPU
		{BB7A5C24-84B6-4EA7-9504-0ABBDDAF59E7}.Debug|Any CPU.ActiveCfg = Debug|Any CPU
		{BB7A5C24-84B6-4EA7-9504-0ABBDDAF59E7}.Debug|Any CPU.Build.0 = Debug|Any CPU
		{BB7A5C24-84B6-4EA7-9504-0ABBDDAF59E7}.Release|Any CPU.ActiveCfg = Release|Any CPU
		{BB7A5C24-84B6-4EA7-9504-0ABBDDAF59E7}.Release|Any CPU.Build.0 = Release|Any CPU
		{0E33621D-30E8-447C-BB4A-2435CD6CFAE9}.Debug|Any CPU.ActiveCfg = Debug|Any CPU
		{0E33621D-30E8-447C-BB4A-2435CD6CFAE9}.Debug|Any CPU.Build.0 = Debug|Any CPU
		{0E33621D-30E8-447C-BB4A-2435CD6CFAE9}.Release|Any CPU.ActiveCfg = Release|Any CPU
		{0E33621D-30E8-447C-BB4A-2435CD6CFAE9}.Release|Any CPU.Build.0 = Release|Any CPU
		{AB1E3942-A46E-4233-9A9E-C6CC46323C6D}.Debug|Any CPU.ActiveCfg = Debug|Any CPU
		{AB1E3942-A46E-4233-9A9E-C6CC46323C6D}.Debug|Any CPU.Build.0 = Debug|Any CPU
		{AB1E3942-A46E-4233-9A9E-C6CC46323C6D}.Release|Any CPU.ActiveCfg = Release|Any CPU
		{AB1E3942-A46E-4233-9A9E-C6CC46323C6D}.Release|Any CPU.Build.0 = Release|Any CPU
		{35AD92FE-D0F7-4623-83DC-8DDFE151670F}.Debug|Any CPU.ActiveCfg = Debug|Any CPU
		{35AD92FE-D0F7-4623-83DC-8DDFE151670F}.Debug|Any CPU.Build.0 = Debug|Any CPU
		{35AD92FE-D0F7-4623-83DC-8DDFE151670F}.Release|Any CPU.ActiveCfg = Release|Any CPU
		{35AD92FE-D0F7-4623-83DC-8DDFE151670F}.Release|Any CPU.Build.0 = Release|Any CPU
		{79A2A58E-36DA-44C7-B0CE-DEEAAB65A7C2}.Debug|Any CPU.ActiveCfg = Debug|Any CPU
		{79A2A58E-36DA-44C7-B0CE-DEEAAB65A7C2}.Debug|Any CPU.Build.0 = Debug|Any CPU
		{79A2A58E-36DA-44C7-B0CE-DEEAAB65A7C2}.Release|Any CPU.ActiveCfg = Release|Any CPU
		{79A2A58E-36DA-44C7-B0CE-DEEAAB65A7C2}.Release|Any CPU.Build.0 = Release|Any CPU
		{180EB876-330A-4F5C-B13A-C941987E38C2}.Debug|Any CPU.ActiveCfg = Debug|Any CPU
		{180EB876-330A-4F5C-B13A-C941987E38C2}.Debug|Any CPU.Build.0 = Debug|Any CPU
		{180EB876-330A-4F5C-B13A-C941987E38C2}.Release|Any CPU.ActiveCfg = Release|Any CPU
		{180EB876-330A-4F5C-B13A-C941987E38C2}.Release|Any CPU.Build.0 = Release|Any CPU
		{26E7D4F5-BE8E-434A-9699-D3B9BBC72CC8}.Debug|Any CPU.ActiveCfg = Debug|Any CPU
		{26E7D4F5-BE8E-434A-9699-D3B9BBC72CC8}.Debug|Any CPU.Build.0 = Debug|Any CPU
		{26E7D4F5-BE8E-434A-9699-D3B9BBC72CC8}.Release|Any CPU.ActiveCfg = Release|Any CPU
		{26E7D4F5-BE8E-434A-9699-D3B9BBC72CC8}.Release|Any CPU.Build.0 = Release|Any CPU
		{59463E25-AD00-42CC-BAE8-8A3F0FF1D200}.Debug|Any CPU.ActiveCfg = Debug|Any CPU
		{59463E25-AD00-42CC-BAE8-8A3F0FF1D200}.Debug|Any CPU.Build.0 = Debug|Any CPU
		{59463E25-AD00-42CC-BAE8-8A3F0FF1D200}.Release|Any CPU.ActiveCfg = Release|Any CPU
		{59463E25-AD00-42CC-BAE8-8A3F0FF1D200}.Release|Any CPU.Build.0 = Release|Any CPU
		{DF40EAB9-7F72-4369-8E9C-A43E11C6AE7C}.Debug|Any CPU.ActiveCfg = Debug|Any CPU
		{DF40EAB9-7F72-4369-8E9C-A43E11C6AE7C}.Debug|Any CPU.Build.0 = Debug|Any CPU
		{DF40EAB9-7F72-4369-8E9C-A43E11C6AE7C}.Release|Any CPU.ActiveCfg = Release|Any CPU
		{DF40EAB9-7F72-4369-8E9C-A43E11C6AE7C}.Release|Any CPU.Build.0 = Release|Any CPU
		{C1982832-FF27-45DD-B134-DCD8FCCDC5B7}.Debug|Any CPU.ActiveCfg = Debug|Any CPU
		{C1982832-FF27-45DD-B134-DCD8FCCDC5B7}.Debug|Any CPU.Build.0 = Debug|Any CPU
		{C1982832-FF27-45DD-B134-DCD8FCCDC5B7}.Release|Any CPU.ActiveCfg = Release|Any CPU
		{C1982832-FF27-45DD-B134-DCD8FCCDC5B7}.Release|Any CPU.Build.0 = Release|Any CPU
		{ED4721F9-0D37-4B14-A385-6AA1D5927E4C}.Debug|Any CPU.ActiveCfg = Debug|Any CPU
		{ED4721F9-0D37-4B14-A385-6AA1D5927E4C}.Debug|Any CPU.Build.0 = Debug|Any CPU
		{ED4721F9-0D37-4B14-A385-6AA1D5927E4C}.Release|Any CPU.ActiveCfg = Release|Any CPU
		{ED4721F9-0D37-4B14-A385-6AA1D5927E4C}.Release|Any CPU.Build.0 = Release|Any CPU
		{3D458445-580C-4481-8D92-0F57BF00AA2B}.Debug|Any CPU.ActiveCfg = Debug|Any CPU
		{3D458445-580C-4481-8D92-0F57BF00AA2B}.Debug|Any CPU.Build.0 = Debug|Any CPU
		{3D458445-580C-4481-8D92-0F57BF00AA2B}.Release|Any CPU.ActiveCfg = Release|Any CPU
		{3D458445-580C-4481-8D92-0F57BF00AA2B}.Release|Any CPU.Build.0 = Release|Any CPU
		{1D103798-DC30-466B-B07E-AE7D1625D7C7}.Debug|Any CPU.ActiveCfg = Debug|Any CPU
		{1D103798-DC30-466B-B07E-AE7D1625D7C7}.Debug|Any CPU.Build.0 = Debug|Any CPU
		{1D103798-DC30-466B-B07E-AE7D1625D7C7}.Release|Any CPU.ActiveCfg = Release|Any CPU
		{1D103798-DC30-466B-B07E-AE7D1625D7C7}.Release|Any CPU.Build.0 = Release|Any CPU
		{8687F3D0-ABE5-4B58-8085-8AA1CD0029A9}.Debug|Any CPU.ActiveCfg = Debug|Any CPU
		{8687F3D0-ABE5-4B58-8085-8AA1CD0029A9}.Debug|Any CPU.Build.0 = Debug|Any CPU
		{8687F3D0-ABE5-4B58-8085-8AA1CD0029A9}.Release|Any CPU.ActiveCfg = Release|Any CPU
		{8687F3D0-ABE5-4B58-8085-8AA1CD0029A9}.Release|Any CPU.Build.0 = Release|Any CPU
		{2E0319BA-8974-40CD-91AC-13ED3AC8251C}.Debug|Any CPU.ActiveCfg = Debug|Any CPU
		{2E0319BA-8974-40CD-91AC-13ED3AC8251C}.Debug|Any CPU.Build.0 = Debug|Any CPU
		{2E0319BA-8974-40CD-91AC-13ED3AC8251C}.Release|Any CPU.ActiveCfg = Release|Any CPU
		{2E0319BA-8974-40CD-91AC-13ED3AC8251C}.Release|Any CPU.Build.0 = Release|Any CPU
		{9BEAC1CE-E35E-47D6-A816-67360923F06F}.Debug|Any CPU.ActiveCfg = Debug|Any CPU
		{9BEAC1CE-E35E-47D6-A816-67360923F06F}.Debug|Any CPU.Build.0 = Debug|Any CPU
		{9BEAC1CE-E35E-47D6-A816-67360923F06F}.Release|Any CPU.ActiveCfg = Release|Any CPU
		{9BEAC1CE-E35E-47D6-A816-67360923F06F}.Release|Any CPU.Build.0 = Release|Any CPU
		{12483724-0F5A-48F1-97A4-FB2D2EFBA2F0}.Debug|Any CPU.ActiveCfg = Debug|Any CPU
		{12483724-0F5A-48F1-97A4-FB2D2EFBA2F0}.Debug|Any CPU.Build.0 = Debug|Any CPU
		{12483724-0F5A-48F1-97A4-FB2D2EFBA2F0}.Release|Any CPU.ActiveCfg = Release|Any CPU
		{12483724-0F5A-48F1-97A4-FB2D2EFBA2F0}.Release|Any CPU.Build.0 = Release|Any CPU
		{F2A008EF-A866-4659-BCA0-85C124DF335D}.Debug|Any CPU.ActiveCfg = Debug|Any CPU
		{F2A008EF-A866-4659-BCA0-85C124DF335D}.Debug|Any CPU.Build.0 = Debug|Any CPU
		{F2A008EF-A866-4659-BCA0-85C124DF335D}.Release|Any CPU.ActiveCfg = Release|Any CPU
		{F2A008EF-A866-4659-BCA0-85C124DF335D}.Release|Any CPU.Build.0 = Release|Any CPU
		{E3323E97-6519-44F9-9B34-CEB1112FB544}.Debug|Any CPU.ActiveCfg = Debug|Any CPU
		{E3323E97-6519-44F9-9B34-CEB1112FB544}.Debug|Any CPU.Build.0 = Debug|Any CPU
		{E3323E97-6519-44F9-9B34-CEB1112FB544}.Release|Any CPU.ActiveCfg = Release|Any CPU
		{E3323E97-6519-44F9-9B34-CEB1112FB544}.Release|Any CPU.Build.0 = Release|Any CPU
		{8C5F820C-99FB-4BDC-A91A-895FEA139464}.Debug|Any CPU.ActiveCfg = Debug|Any CPU
		{8C5F820C-99FB-4BDC-A91A-895FEA139464}.Debug|Any CPU.Build.0 = Debug|Any CPU
		{8C5F820C-99FB-4BDC-A91A-895FEA139464}.Release|Any CPU.ActiveCfg = Release|Any CPU
		{8C5F820C-99FB-4BDC-A91A-895FEA139464}.Release|Any CPU.Build.0 = Release|Any CPU
		{CECE4EDB-D9DE-48AE-9EDF-594F232C5B74}.Debug|Any CPU.ActiveCfg = Debug|Any CPU
		{CECE4EDB-D9DE-48AE-9EDF-594F232C5B74}.Debug|Any CPU.Build.0 = Debug|Any CPU
		{CECE4EDB-D9DE-48AE-9EDF-594F232C5B74}.Release|Any CPU.ActiveCfg = Release|Any CPU
		{CECE4EDB-D9DE-48AE-9EDF-594F232C5B74}.Release|Any CPU.Build.0 = Release|Any CPU
		{D9DEEF14-96E3-4E03-A8E9-4DD7E2F8CD3D}.Debug|Any CPU.ActiveCfg = Debug|Any CPU
		{D9DEEF14-96E3-4E03-A8E9-4DD7E2F8CD3D}.Debug|Any CPU.Build.0 = Debug|Any CPU
		{D9DEEF14-96E3-4E03-A8E9-4DD7E2F8CD3D}.Release|Any CPU.ActiveCfg = Release|Any CPU
		{D9DEEF14-96E3-4E03-A8E9-4DD7E2F8CD3D}.Release|Any CPU.Build.0 = Release|Any CPU
		{42B39A6B-6E0A-4961-901B-3633245B8949}.Debug|Any CPU.ActiveCfg = Debug|Any CPU
		{42B39A6B-6E0A-4961-901B-3633245B8949}.Debug|Any CPU.Build.0 = Debug|Any CPU
		{42B39A6B-6E0A-4961-901B-3633245B8949}.Release|Any CPU.ActiveCfg = Release|Any CPU
		{42B39A6B-6E0A-4961-901B-3633245B8949}.Release|Any CPU.Build.0 = Release|Any CPU
		{1862BD1B-5642-4F23-8068-906A5428BF9B}.Debug|Any CPU.ActiveCfg = Debug|Any CPU
		{1862BD1B-5642-4F23-8068-906A5428BF9B}.Debug|Any CPU.Build.0 = Debug|Any CPU
		{1862BD1B-5642-4F23-8068-906A5428BF9B}.Release|Any CPU.ActiveCfg = Release|Any CPU
		{1862BD1B-5642-4F23-8068-906A5428BF9B}.Release|Any CPU.Build.0 = Release|Any CPU
		{8B67B9CB-8CC3-4B37-ABF3-5D1E73418A07}.Debug|Any CPU.ActiveCfg = Debug|Any CPU
		{8B67B9CB-8CC3-4B37-ABF3-5D1E73418A07}.Debug|Any CPU.Build.0 = Debug|Any CPU
		{8B67B9CB-8CC3-4B37-ABF3-5D1E73418A07}.Release|Any CPU.ActiveCfg = Release|Any CPU
		{8B67B9CB-8CC3-4B37-ABF3-5D1E73418A07}.Release|Any CPU.Build.0 = Release|Any CPU
		{C90E2ADC-8777-437E-9A01-5292DDC06BD0}.Debug|Any CPU.ActiveCfg = Debug|Any CPU
		{C90E2ADC-8777-437E-9A01-5292DDC06BD0}.Debug|Any CPU.Build.0 = Debug|Any CPU
		{C90E2ADC-8777-437E-9A01-5292DDC06BD0}.Release|Any CPU.ActiveCfg = Release|Any CPU
		{C90E2ADC-8777-437E-9A01-5292DDC06BD0}.Release|Any CPU.Build.0 = Release|Any CPU
		{A418786B-4BCD-4419-A954-2D6484F48D59}.Debug|Any CPU.ActiveCfg = Debug|Any CPU
		{A418786B-4BCD-4419-A954-2D6484F48D59}.Debug|Any CPU.Build.0 = Debug|Any CPU
		{A418786B-4BCD-4419-A954-2D6484F48D59}.Release|Any CPU.ActiveCfg = Release|Any CPU
		{A418786B-4BCD-4419-A954-2D6484F48D59}.Release|Any CPU.Build.0 = Release|Any CPU
		{B8C2D9BC-53E8-482C-90F5-C749A1FF258A}.Debug|Any CPU.ActiveCfg = Debug|Any CPU
		{B8C2D9BC-53E8-482C-90F5-C749A1FF258A}.Debug|Any CPU.Build.0 = Debug|Any CPU
		{B8C2D9BC-53E8-482C-90F5-C749A1FF258A}.Release|Any CPU.ActiveCfg = Release|Any CPU
		{B8C2D9BC-53E8-482C-90F5-C749A1FF258A}.Release|Any CPU.Build.0 = Release|Any CPU
		{373BA10F-457B-46F4-9426-9F70CCA4BA04}.Debug|Any CPU.ActiveCfg = Debug|Any CPU
		{373BA10F-457B-46F4-9426-9F70CCA4BA04}.Debug|Any CPU.Build.0 = Debug|Any CPU
		{373BA10F-457B-46F4-9426-9F70CCA4BA04}.Release|Any CPU.ActiveCfg = Release|Any CPU
		{373BA10F-457B-46F4-9426-9F70CCA4BA04}.Release|Any CPU.Build.0 = Release|Any CPU
		{4DD6F212-FD72-4139-8195-10688E5E4F19}.Debug|Any CPU.ActiveCfg = Debug|Any CPU
		{4DD6F212-FD72-4139-8195-10688E5E4F19}.Debug|Any CPU.Build.0 = Debug|Any CPU
		{4DD6F212-FD72-4139-8195-10688E5E4F19}.Release|Any CPU.ActiveCfg = Release|Any CPU
		{4DD6F212-FD72-4139-8195-10688E5E4F19}.Release|Any CPU.Build.0 = Release|Any CPU
		{FCF3819E-9E24-4EC7-9448-CEFAB3981D8D}.Debug|Any CPU.ActiveCfg = Debug|Any CPU
		{FCF3819E-9E24-4EC7-9448-CEFAB3981D8D}.Debug|Any CPU.Build.0 = Debug|Any CPU
		{FCF3819E-9E24-4EC7-9448-CEFAB3981D8D}.Release|Any CPU.ActiveCfg = Release|Any CPU
		{FCF3819E-9E24-4EC7-9448-CEFAB3981D8D}.Release|Any CPU.Build.0 = Release|Any CPU
		{0D965E50-AAA9-44CF-B89B-923BE68BB9A8}.Debug|Any CPU.ActiveCfg = Debug|Any CPU
		{0D965E50-AAA9-44CF-B89B-923BE68BB9A8}.Debug|Any CPU.Build.0 = Debug|Any CPU
		{0D965E50-AAA9-44CF-B89B-923BE68BB9A8}.Release|Any CPU.ActiveCfg = Release|Any CPU
		{0D965E50-AAA9-44CF-B89B-923BE68BB9A8}.Release|Any CPU.Build.0 = Release|Any CPU
		{7D6AAD75-F77F-4B15-925F-FD7FC7D4C07B}.Debug|Any CPU.ActiveCfg = Debug|Any CPU
		{7D6AAD75-F77F-4B15-925F-FD7FC7D4C07B}.Debug|Any CPU.Build.0 = Debug|Any CPU
		{7D6AAD75-F77F-4B15-925F-FD7FC7D4C07B}.Release|Any CPU.ActiveCfg = Release|Any CPU
		{7D6AAD75-F77F-4B15-925F-FD7FC7D4C07B}.Release|Any CPU.Build.0 = Release|Any CPU
		{28B2CC1A-6525-4406-B1AF-0ED7C72B9782}.Debug|Any CPU.ActiveCfg = Debug|Any CPU
		{28B2CC1A-6525-4406-B1AF-0ED7C72B9782}.Debug|Any CPU.Build.0 = Debug|Any CPU
		{28B2CC1A-6525-4406-B1AF-0ED7C72B9782}.Release|Any CPU.ActiveCfg = Release|Any CPU
		{28B2CC1A-6525-4406-B1AF-0ED7C72B9782}.Release|Any CPU.Build.0 = Release|Any CPU
		{218B5BAD-B571-41A1-904D-B95634369CA3}.Debug|Any CPU.ActiveCfg = Debug|Any CPU
		{218B5BAD-B571-41A1-904D-B95634369CA3}.Debug|Any CPU.Build.0 = Debug|Any CPU
		{218B5BAD-B571-41A1-904D-B95634369CA3}.Release|Any CPU.ActiveCfg = Release|Any CPU
		{218B5BAD-B571-41A1-904D-B95634369CA3}.Release|Any CPU.Build.0 = Release|Any CPU
		{C722BB47-9C29-47E5-84CE-2F6A86BAFF03}.Debug|Any CPU.ActiveCfg = Debug|Any CPU
		{C722BB47-9C29-47E5-84CE-2F6A86BAFF03}.Debug|Any CPU.Build.0 = Debug|Any CPU
		{C722BB47-9C29-47E5-84CE-2F6A86BAFF03}.Release|Any CPU.ActiveCfg = Release|Any CPU
		{C722BB47-9C29-47E5-84CE-2F6A86BAFF03}.Release|Any CPU.Build.0 = Release|Any CPU
		{55E7FAE0-9088-41FC-A8BE-0532F5B4D210}.Debug|Any CPU.ActiveCfg = Debug|Any CPU
		{55E7FAE0-9088-41FC-A8BE-0532F5B4D210}.Debug|Any CPU.Build.0 = Debug|Any CPU
		{55E7FAE0-9088-41FC-A8BE-0532F5B4D210}.Release|Any CPU.ActiveCfg = Release|Any CPU
		{55E7FAE0-9088-41FC-A8BE-0532F5B4D210}.Release|Any CPU.Build.0 = Release|Any CPU
		{8D94670E-48C0-4E1F-A302-F3F6B5828206}.Debug|Any CPU.ActiveCfg = Debug|Any CPU
		{8D94670E-48C0-4E1F-A302-F3F6B5828206}.Debug|Any CPU.Build.0 = Debug|Any CPU
		{8D94670E-48C0-4E1F-A302-F3F6B5828206}.Release|Any CPU.ActiveCfg = Release|Any CPU
		{8D94670E-48C0-4E1F-A302-F3F6B5828206}.Release|Any CPU.Build.0 = Release|Any CPU
		{E4E2CDC1-37C9-4DE9-AB2C-711136A28683}.Debug|Any CPU.ActiveCfg = Debug|Any CPU
		{E4E2CDC1-37C9-4DE9-AB2C-711136A28683}.Debug|Any CPU.Build.0 = Debug|Any CPU
		{E4E2CDC1-37C9-4DE9-AB2C-711136A28683}.Release|Any CPU.ActiveCfg = Release|Any CPU
		{E4E2CDC1-37C9-4DE9-AB2C-711136A28683}.Release|Any CPU.Build.0 = Release|Any CPU
		{6F0C8EFE-FF69-4401-AA3A-4071881EF718}.Debug|Any CPU.ActiveCfg = Debug|Any CPU
		{6F0C8EFE-FF69-4401-AA3A-4071881EF718}.Debug|Any CPU.Build.0 = Debug|Any CPU
		{6F0C8EFE-FF69-4401-AA3A-4071881EF718}.Release|Any CPU.ActiveCfg = Release|Any CPU
		{6F0C8EFE-FF69-4401-AA3A-4071881EF718}.Release|Any CPU.Build.0 = Release|Any CPU
		{B760ABE7-FFF3-4CBE-ADD0-58D6E69488D1}.Debug|Any CPU.ActiveCfg = Debug|Any CPU
		{B760ABE7-FFF3-4CBE-ADD0-58D6E69488D1}.Debug|Any CPU.Build.0 = Debug|Any CPU
		{B760ABE7-FFF3-4CBE-ADD0-58D6E69488D1}.Release|Any CPU.ActiveCfg = Release|Any CPU
		{B760ABE7-FFF3-4CBE-ADD0-58D6E69488D1}.Release|Any CPU.Build.0 = Release|Any CPU
		{9F75B330-81A3-4227-A030-EBEA781E2272}.Debug|Any CPU.ActiveCfg = Debug|Any CPU
		{9F75B330-81A3-4227-A030-EBEA781E2272}.Debug|Any CPU.Build.0 = Debug|Any CPU
		{9F75B330-81A3-4227-A030-EBEA781E2272}.Release|Any CPU.ActiveCfg = Release|Any CPU
		{9F75B330-81A3-4227-A030-EBEA781E2272}.Release|Any CPU.Build.0 = Release|Any CPU
		{CC657E3E-2B3A-49E1-80BA-B46B38B9F28C}.Debug|Any CPU.ActiveCfg = Debug|Any CPU
		{CC657E3E-2B3A-49E1-80BA-B46B38B9F28C}.Debug|Any CPU.Build.0 = Debug|Any CPU
		{CC657E3E-2B3A-49E1-80BA-B46B38B9F28C}.Release|Any CPU.ActiveCfg = Release|Any CPU
		{CC657E3E-2B3A-49E1-80BA-B46B38B9F28C}.Release|Any CPU.Build.0 = Release|Any CPU
		{3AC7A4FE-07DC-4B5E-AB94-1614D4504DCE}.Debug|Any CPU.ActiveCfg = Debug|Any CPU
		{3AC7A4FE-07DC-4B5E-AB94-1614D4504DCE}.Debug|Any CPU.Build.0 = Debug|Any CPU
		{3AC7A4FE-07DC-4B5E-AB94-1614D4504DCE}.Release|Any CPU.ActiveCfg = Release|Any CPU
		{3AC7A4FE-07DC-4B5E-AB94-1614D4504DCE}.Release|Any CPU.Build.0 = Release|Any CPU
	EndGlobalSection
	GlobalSection(SolutionProperties) = preSolution
		HideSolutionNode = FALSE
	EndGlobalSection
	GlobalSection(NestedProjects) = preSolution
		{69576358-BED6-47B2-8779-3C5B77808DF4} = {A540DE55-3F4B-48C0-9AE9-00B08FA4D134}
		{42543DCD-44FB-45CD-BFDE-C7C872F6A288} = {A540DE55-3F4B-48C0-9AE9-00B08FA4D134}
		{012D1D80-67A3-462A-A4B4-2EC20FCC6748} = {A540DE55-3F4B-48C0-9AE9-00B08FA4D134}
		{99B7E156-5996-449F-8DA2-CA5D76022130} = {9D498299-4E5F-4E1C-945B-E8920C38B1D4}
		{9D498299-4E5F-4E1C-945B-E8920C38B1D4} = {619175D8-3AFA-41C5-9AA8-1F198E56AFB7}
		{B7309D78-8595-4A3E-A269-78BF0BBA28AF} = {9D498299-4E5F-4E1C-945B-E8920C38B1D4}
		{1B892894-F7E4-4133-B3EB-42720D5C5E35} = {9D498299-4E5F-4E1C-945B-E8920C38B1D4}
		{2B046F27-F857-44B1-A268-D18624DE6561} = {9D498299-4E5F-4E1C-945B-E8920C38B1D4}
		{6C811B69-E1FD-46E2-A473-DEBAFB2262E1} = {A540DE55-3F4B-48C0-9AE9-00B08FA4D134}
		{A928B3C4-2BFC-4678-B906-638ACCFF702D} = {A540DE55-3F4B-48C0-9AE9-00B08FA4D134}
		{D7C08DBC-FF6C-4991-AF49-16C0FCA71777} = {A540DE55-3F4B-48C0-9AE9-00B08FA4D134}
		{CA6E6FAB-62FB-4DA7-8664-C9D4C7FD7232} = {A540DE55-3F4B-48C0-9AE9-00B08FA4D134}
		{889F8DE0-5EA9-49E8-ADB7-F28953C89B2C} = {A540DE55-3F4B-48C0-9AE9-00B08FA4D134}
		{51C77BF9-0FB2-46F0-A97F-4707193D63AE} = {5B826C61-408A-4984-A949-9F726F619406}
		{245D81FD-2705-4A88-B9BF-1C186F74E8BE} = {A540DE55-3F4B-48C0-9AE9-00B08FA4D134}
		{4B996339-A367-4497-AD4C-1996EB399163} = {A540DE55-3F4B-48C0-9AE9-00B08FA4D134}
		{94C49BC5-4FFE-40C7-9A2A-95D5F2FD7955} = {A540DE55-3F4B-48C0-9AE9-00B08FA4D134}
		{423645A4-D7D5-4D97-B9AD-D47EB3DA568F} = {619175D8-3AFA-41C5-9AA8-1F198E56AFB7}
		{9177DF0B-F34C-4A26-8B76-EDFB863CDC25} = {423645A4-D7D5-4D97-B9AD-D47EB3DA568F}
		{F33E64E6-8F15-4C5F-AC11-190B31CAC559} = {423645A4-D7D5-4D97-B9AD-D47EB3DA568F}
		{27AA8948-7692-4FBA-BFAF-11E17164D619} = {423645A4-D7D5-4D97-B9AD-D47EB3DA568F}
		{1831B8A9-6620-4F0D-B0E4-99C1BE5BF021} = {423645A4-D7D5-4D97-B9AD-D47EB3DA568F}
		{F2C20413-5EE9-40C4-A50C-C5CFC8BF4F40} = {619175D8-3AFA-41C5-9AA8-1F198E56AFB7}
		{42509BF6-9E80-4F77-BA0C-71FD6952E6D8} = {F2C20413-5EE9-40C4-A50C-C5CFC8BF4F40}
		{2C01A71D-AA05-4CAD-9AEC-A11E61FF699D} = {F2C20413-5EE9-40C4-A50C-C5CFC8BF4F40}
		{13438856-15FB-4045-BC7C-5CDE3E0ED760} = {F2C20413-5EE9-40C4-A50C-C5CFC8BF4F40}
		{A2D88CED-665A-49BA-A228-C3F6C0CCC6AD} = {F2C20413-5EE9-40C4-A50C-C5CFC8BF4F40}
		{83944E28-B221-4E55-A647-99316AFAE02C} = {423645A4-D7D5-4D97-B9AD-D47EB3DA568F}
		{98F79BE7-EEB3-406C-BFF1-815F4F54075C} = {F2C20413-5EE9-40C4-A50C-C5CFC8BF4F40}
		{B9DEE3AA-28DC-46EF-B91E-BDF24EB918E8} = {619175D8-3AFA-41C5-9AA8-1F198E56AFB7}
		{0EAAAAFA-508D-4677-8D5C-4E18F803CDB9} = {B9DEE3AA-28DC-46EF-B91E-BDF24EB918E8}
		{FA2D619D-BF29-469A-9E6C-2C127D15C38C} = {B9DEE3AA-28DC-46EF-B91E-BDF24EB918E8}
		{BB7A5C24-84B6-4EA7-9504-0ABBDDAF59E7} = {B9DEE3AA-28DC-46EF-B91E-BDF24EB918E8}
		{0E33621D-30E8-447C-BB4A-2435CD6CFAE9} = {B9DEE3AA-28DC-46EF-B91E-BDF24EB918E8}
		{AB1E3942-A46E-4233-9A9E-C6CC46323C6D} = {B9DEE3AA-28DC-46EF-B91E-BDF24EB918E8}
		{35AD92FE-D0F7-4623-83DC-8DDFE151670F} = {B9DEE3AA-28DC-46EF-B91E-BDF24EB918E8}
		{79A2A58E-36DA-44C7-B0CE-DEEAAB65A7C2} = {A540DE55-3F4B-48C0-9AE9-00B08FA4D134}
		{180EB876-330A-4F5C-B13A-C941987E38C2} = {A540DE55-3F4B-48C0-9AE9-00B08FA4D134}
		{26E7D4F5-BE8E-434A-9699-D3B9BBC72CC8} = {9D498299-4E5F-4E1C-945B-E8920C38B1D4}
		{59463E25-AD00-42CC-BAE8-8A3F0FF1D200} = {5B826C61-408A-4984-A949-9F726F619406}
		{DF40EAB9-7F72-4369-8E9C-A43E11C6AE7C} = {BD530C76-D19B-494A-BB09-88DBD0AE0702}
		{C1982832-FF27-45DD-B134-DCD8FCCDC5B7} = {B9DEE3AA-28DC-46EF-B91E-BDF24EB918E8}
		{ED4721F9-0D37-4B14-A385-6AA1D5927E4C} = {5B826C61-408A-4984-A949-9F726F619406}
		{51503860-4449-4B66-83A6-A2B96CC922C7} = {619175D8-3AFA-41C5-9AA8-1F198E56AFB7}
		{3D458445-580C-4481-8D92-0F57BF00AA2B} = {51503860-4449-4B66-83A6-A2B96CC922C7}
		{1D103798-DC30-466B-B07E-AE7D1625D7C7} = {51503860-4449-4B66-83A6-A2B96CC922C7}
		{8687F3D0-ABE5-4B58-8085-8AA1CD0029A9} = {51503860-4449-4B66-83A6-A2B96CC922C7}
		{2E0319BA-8974-40CD-91AC-13ED3AC8251C} = {51503860-4449-4B66-83A6-A2B96CC922C7}
		{9BEAC1CE-E35E-47D6-A816-67360923F06F} = {51503860-4449-4B66-83A6-A2B96CC922C7}
		{7EAFD272-A74B-4969-8416-B9513CD1933A} = {619175D8-3AFA-41C5-9AA8-1F198E56AFB7}
		{12483724-0F5A-48F1-97A4-FB2D2EFBA2F0} = {7EAFD272-A74B-4969-8416-B9513CD1933A}
		{F2A008EF-A866-4659-BCA0-85C124DF335D} = {7EAFD272-A74B-4969-8416-B9513CD1933A}
		{E3323E97-6519-44F9-9B34-CEB1112FB544} = {7EAFD272-A74B-4969-8416-B9513CD1933A}
		{8C5F820C-99FB-4BDC-A91A-895FEA139464} = {7EAFD272-A74B-4969-8416-B9513CD1933A}
		{58CA0835-6A8B-461D-80E3-87E1858BDEE5} = {619175D8-3AFA-41C5-9AA8-1F198E56AFB7}
		{CECE4EDB-D9DE-48AE-9EDF-594F232C5B74} = {58CA0835-6A8B-461D-80E3-87E1858BDEE5}
		{D9DEEF14-96E3-4E03-A8E9-4DD7E2F8CD3D} = {58CA0835-6A8B-461D-80E3-87E1858BDEE5}
		{42B39A6B-6E0A-4961-901B-3633245B8949} = {58CA0835-6A8B-461D-80E3-87E1858BDEE5}
		{1862BD1B-5642-4F23-8068-906A5428BF9B} = {58CA0835-6A8B-461D-80E3-87E1858BDEE5}
		{5403D00E-D4B7-4A6E-857E-46CEC954EF1D} = {619175D8-3AFA-41C5-9AA8-1F198E56AFB7}
		{8B67B9CB-8CC3-4B37-ABF3-5D1E73418A07} = {5403D00E-D4B7-4A6E-857E-46CEC954EF1D}
		{C90E2ADC-8777-437E-9A01-5292DDC06BD0} = {5403D00E-D4B7-4A6E-857E-46CEC954EF1D}
		{A418786B-4BCD-4419-A954-2D6484F48D59} = {5403D00E-D4B7-4A6E-857E-46CEC954EF1D}
		{B8C2D9BC-53E8-482C-90F5-C749A1FF258A} = {5403D00E-D4B7-4A6E-857E-46CEC954EF1D}
		{FD51CDE2-DE71-431B-9663-99790DF187FC} = {619175D8-3AFA-41C5-9AA8-1F198E56AFB7}
		{373BA10F-457B-46F4-9426-9F70CCA4BA04} = {FD51CDE2-DE71-431B-9663-99790DF187FC}
		{4DD6F212-FD72-4139-8195-10688E5E4F19} = {A540DE55-3F4B-48C0-9AE9-00B08FA4D134}
		{F8039E02-F7E9-45A1-B8D1-7A735955E8D8} = {619175D8-3AFA-41C5-9AA8-1F198E56AFB7}
		{FCF3819E-9E24-4EC7-9448-CEFAB3981D8D} = {F8039E02-F7E9-45A1-B8D1-7A735955E8D8}
		{0D965E50-AAA9-44CF-B89B-923BE68BB9A8} = {F8039E02-F7E9-45A1-B8D1-7A735955E8D8}
		{7D6AAD75-F77F-4B15-925F-FD7FC7D4C07B} = {F8039E02-F7E9-45A1-B8D1-7A735955E8D8}
		{28B2CC1A-6525-4406-B1AF-0ED7C72B9782} = {F8039E02-F7E9-45A1-B8D1-7A735955E8D8}
		{AD374886-D12A-41CF-9E04-A75FA153A712} = {619175D8-3AFA-41C5-9AA8-1F198E56AFB7}
		{218B5BAD-B571-41A1-904D-B95634369CA3} = {AD374886-D12A-41CF-9E04-A75FA153A712}
		{C722BB47-9C29-47E5-84CE-2F6A86BAFF03} = {AD374886-D12A-41CF-9E04-A75FA153A712}
		{55E7FAE0-9088-41FC-A8BE-0532F5B4D210} = {AD374886-D12A-41CF-9E04-A75FA153A712}
		{8D94670E-48C0-4E1F-A302-F3F6B5828206} = {AD374886-D12A-41CF-9E04-A75FA153A712}
		{E4E2CDC1-37C9-4DE9-AB2C-711136A28683} = {AD374886-D12A-41CF-9E04-A75FA153A712}
		{D2BC039A-C11A-4080-B5ED-0AB75DAE41DD} = {619175D8-3AFA-41C5-9AA8-1F198E56AFB7}
		{6F0C8EFE-FF69-4401-AA3A-4071881EF718} = {D2BC039A-C11A-4080-B5ED-0AB75DAE41DD}
		{B760ABE7-FFF3-4CBE-ADD0-58D6E69488D1} = {D2BC039A-C11A-4080-B5ED-0AB75DAE41DD}
		{9F75B330-81A3-4227-A030-EBEA781E2272} = {D2BC039A-C11A-4080-B5ED-0AB75DAE41DD}
		{CC657E3E-2B3A-49E1-80BA-B46B38B9F28C} = {D2BC039A-C11A-4080-B5ED-0AB75DAE41DD}
		{3AC7A4FE-07DC-4B5E-AB94-1614D4504DCE} = {D2BC039A-C11A-4080-B5ED-0AB75DAE41DD}
	EndGlobalSection
	GlobalSection(ExtensibilityGlobals) = postSolution
		SolutionGuid = {B9948BCA-13BE-40A6-AE83-C3AE6645B3A3}
	EndGlobalSection
EndGlobal
