
Microsoft Visual Studio Solution File, Format Version 12.00
# Visual Studio Version 16
VisualStudioVersion = 16.0.29009.5
MinimumVisualStudioVersion = 10.0.40219.1
Project("{2150E333-8FDC-42A3-9474-1A3956D46DE8}") = "Commons", "Commons", "{37CC1C95-2773-4916-8D99-3759510BA3E1}"
EndProject
Project("{2150E333-8FDC-42A3-9474-1A3956D46DE8}") = "GateWays", "GateWays", "{5B826C61-408A-4984-A949-9F726F619406}"
EndProject
Project("{2150E333-8FDC-42A3-9474-1A3956D46DE8}") = "Services", "Services", "{619175D8-3AFA-41C5-9AA8-1F198E56AFB7}"
EndProject
Project("{2150E333-8FDC-42A3-9474-1A3956D46DE8}") = "Tests", "Tests", "{A540DE55-3F4B-48C0-9AE9-00B08FA4D134}"
EndProject
Project("{9A19103F-16F7-4668-BE54-9A1E7A4F7556}") = "RabbitMqTest", "Tests\RabbitMqTest\RabbitMqTest.csproj", "{69576358-BED6-47B2-8779-3C5B77808DF4}"
EndProject
Project("{9A19103F-16F7-4668-BE54-9A1E7A4F7556}") = "RabbitMqTestSender", "Tests\RabbitMqTestSender\RabbitMqTestSender.csproj", "{42543DCD-44FB-45CD-BFDE-C7C872F6A288}"
EndProject
Project("{9A19103F-16F7-4668-BE54-9A1E7A4F7556}") = "RabbitMqRecvTest", "Tests\RabbitMqRecvTest\RabbitMqRecvTest.csproj", "{012D1D80-67A3-462A-A4B4-2EC20FCC6748}"
EndProject
Project("{9A19103F-16F7-4668-BE54-9A1E7A4F7556}") = "Account.WebApi", "Services\Account\Account.WebApi\Account.WebApi.csproj", "{99B7E156-5996-449F-8DA2-CA5D76022130}"
EndProject
Project("{2150E333-8FDC-42A3-9474-1A3956D46DE8}") = "Account", "Account", "{9D498299-4E5F-4E1C-945B-E8920C38B1D4}"
EndProject
Project("{9A19103F-16F7-4668-BE54-9A1E7A4F7556}") = "Account.Application", "Services\Account\Account.Application\Account.Application.csproj", "{B7309D78-8595-4A3E-A269-78BF0BBA28AF}"
EndProject
Project("{9A19103F-16F7-4668-BE54-9A1E7A4F7556}") = "Account.Domain", "Services\Account\Account.Domain\Account.Domain.csproj", "{1B892894-F7E4-4133-B3EB-42720D5C5E35}"
EndProject
Project("{9A19103F-16F7-4668-BE54-9A1E7A4F7556}") = "Account.Infrastruct", "Services\Account\Account.Infrastruct\Account.Infrastruct.csproj", "{2B046F27-F857-44B1-A268-D18624DE6561}"
EndProject
Project("{9A19103F-16F7-4668-BE54-9A1E7A4F7556}") = "Commons.Extenssions", "Commons\Commons.Extenssions\Commons.Extenssions.csproj", "{6EB6192C-8192-487A-8F5C-AE05DEE162D5}"
EndProject
Project("{9A19103F-16F7-4668-BE54-9A1E7A4F7556}") = "Commons.IntegrationBus", "Commons\Commons.IntegrationBus\Commons.IntegrationBus.csproj", "{7D28E4B2-C874-49CB-BEBE-84C30B22FC17}"
EndProject
Project("{9A19103F-16F7-4668-BE54-9A1E7A4F7556}") = "Commons.Domain", "Commons\Commons.Domain\Commons.Domain.csproj", "{72ADD107-3C5E-4C5F-A20F-FB222D1686DE}"
EndProject
Project("{9A19103F-16F7-4668-BE54-9A1E7A4F7556}") = "Commons.Infrastruct", "Commons\Commons.Infrastruct\Commons.Infrastruct.csproj", "{80573AB3-74CB-4A4D-A2B2-9C4BE26670C3}"
EndProject
Project("{9A19103F-16F7-4668-BE54-9A1E7A4F7556}") = "MassTransitTest", "Tests\MassTransitTest\MassTransitTest.csproj", "{6C811B69-E1FD-46E2-A473-DEBAFB2262E1}"
EndProject
Project("{9A19103F-16F7-4668-BE54-9A1E7A4F7556}") = "Message", "Tests\MassTransitMessage\Message.csproj", "{A928B3C4-2BFC-4678-B906-638ACCFF702D}"
EndProject
Project("{9A19103F-16F7-4668-BE54-9A1E7A4F7556}") = "ServiceStackRedisTest", "Tests\ServiceStackRedisTest\ServiceStackRedisTest.csproj", "{D7C08DBC-FF6C-4991-AF49-16C0FCA71777}"
EndProject
Project("{9A19103F-16F7-4668-BE54-9A1E7A4F7556}") = "StackExchangeRedisTest", "Tests\StackExchangeRedisTest\StackExchangeRedisTest.csproj", "{CA6E6FAB-62FB-4DA7-8664-C9D4C7FD7232}"
EndProject
Project("{9A19103F-16F7-4668-BE54-9A1E7A4F7556}") = "JsonTest", "Tests\JsonTest\JsonTest.csproj", "{889F8DE0-5EA9-49E8-ADB7-F28953C89B2C}"
EndProject
Project("{9A19103F-16F7-4668-BE54-9A1E7A4F7556}") = "WSGateWay", "GateWays\WSGateWay\WSGateWay.csproj", "{51C77BF9-0FB2-46F0-A97F-4707193D63AE}"
EndProject
Project("{9A19103F-16F7-4668-BE54-9A1E7A4F7556}") = "SignalRTest", "Tests\SignalRTest\SignalRTest.csproj", "{D70CE199-79AF-4CEC-A5A8-A68254F757BF}"
EndProject
Project("{9A19103F-16F7-4668-BE54-9A1E7A4F7556}") = "ReflectTest", "Tests\ReflectTest\ReflectTest.csproj", "{245D81FD-2705-4A88-B9BF-1C186F74E8BE}"
EndProject
Project("{9A19103F-16F7-4668-BE54-9A1E7A4F7556}") = "EasyNetQTest", "Tests\EasyNetQTest\EasyNetQTest.csproj", "{4B996339-A367-4497-AD4C-1996EB399163}"
EndProject
Project("{9A19103F-16F7-4668-BE54-9A1E7A4F7556}") = "TaskTest", "Tests\TaskTest\TaskTest.csproj", "{94C49BC5-4FFE-40C7-9A2A-95D5F2FD7955}"
EndProject
Project("{2150E333-8FDC-42A3-9474-1A3956D46DE8}") = "Sample", "Sample", "{423645A4-D7D5-4D97-B9AD-D47EB3DA568F}"
EndProject
Project("{9A19103F-16F7-4668-BE54-9A1E7A4F7556}") = "Sample.WebApi", "Services\Sample\Sample.WebApi\Sample.WebApi.csproj", "{9177DF0B-F34C-4A26-8B76-EDFB863CDC25}"
EndProject
Project("{9A19103F-16F7-4668-BE54-9A1E7A4F7556}") = "Sample.Infrastruct", "Services\Sample\Sample.Infrastruct\Sample.Infrastruct.csproj", "{F33E64E6-8F15-4C5F-AC11-190B31CAC559}"
EndProject
Project("{9A19103F-16F7-4668-BE54-9A1E7A4F7556}") = "Sample.Domain", "Services\Sample\Sample.Domain\Sample.Domain.csproj", "{27AA8948-7692-4FBA-BFAF-11E17164D619}"
EndProject
Project("{9A19103F-16F7-4668-BE54-9A1E7A4F7556}") = "Sample.Application", "Services\Sample\Sample.Application\Sample.Application.csproj", "{1831B8A9-6620-4F0D-B0E4-99C1BE5BF021}"
EndProject
Project("{2150E333-8FDC-42A3-9474-1A3956D46DE8}") = "Money", "Money", "{F2C20413-5EE9-40C4-A50C-C5CFC8BF4F40}"
EndProject
Project("{9A19103F-16F7-4668-BE54-9A1E7A4F7556}") = "Money.WebApi", "Services\Money\Money.WebApi\Money.WebApi.csproj", "{42509BF6-9E80-4F77-BA0C-71FD6952E6D8}"
EndProject
Project("{9A19103F-16F7-4668-BE54-9A1E7A4F7556}") = "Money.Infrastruct", "Services\Money\Money.Infrastruct\Money.Infrastruct.csproj", "{2C01A71D-AA05-4CAD-9AEC-A11E61FF699D}"
EndProject
Project("{9A19103F-16F7-4668-BE54-9A1E7A4F7556}") = "Money.Domain", "Services\Money\Money.Domain\Money.Domain.csproj", "{13438856-15FB-4045-BC7C-5CDE3E0ED760}"
EndProject
Project("{9A19103F-16F7-4668-BE54-9A1E7A4F7556}") = "Money.Application", "Services\Money\Money.Application\Money.Application.csproj", "{A2D88CED-665A-49BA-A228-C3F6C0CCC6AD}"
EndProject
Project("{9A19103F-16F7-4668-BE54-9A1E7A4F7556}") = "Sample.Test", "Services\Sample\Sample.Test\Sample.Test.csproj", "{83944E28-B221-4E55-A647-99316AFAE02C}"
EndProject
Project("{9A19103F-16F7-4668-BE54-9A1E7A4F7556}") = "Money.Test", "Services\Money\Money.Test\Money.Test.csproj", "{98F79BE7-EEB3-406C-BFF1-815F4F54075C}"
EndProject
Project("{2150E333-8FDC-42A3-9474-1A3956D46DE8}") = "Sangong", "Sangong", "{B9DEE3AA-28DC-46EF-B91E-BDF24EB918E8}"
EndProject
Project("{9A19103F-16F7-4668-BE54-9A1E7A4F7556}") = "Sangong.Test", "Services\Sangong\Sangong.Test\Sangong.Test.csproj", "{0EAAAAFA-508D-4677-8D5C-4E18F803CDB9}"
EndProject
Project("{9A19103F-16F7-4668-BE54-9A1E7A4F7556}") = "Sangong.Infrastruct", "Services\Sangong\Sangong.Infrastruct\Sangong.Infrastruct.csproj", "{FA2D619D-BF29-469A-9E6C-2C127D15C38C}"
EndProject
Project("{9A19103F-16F7-4668-BE54-9A1E7A4F7556}") = "Sangong.Domain", "Services\Sangong\Sangong.Domain\Sangong.Domain.csproj", "{BB7A5C24-84B6-4EA7-9504-0ABBDDAF59E7}"
EndProject
Project("{9A19103F-16F7-4668-BE54-9A1E7A4F7556}") = "Sangong.Application", "Services\Sangong\Sangong.Application\Sangong.Application.csproj", "{0E33621D-30E8-447C-BB4A-2435CD6CFAE9}"
EndProject
Project("{9A19103F-16F7-4668-BE54-9A1E7A4F7556}") = "Sangong.Game.WebApi", "Services\Sangong\Sangong.Game.WebApi\Sangong.Game.WebApi.csproj", "{AB1E3942-A46E-4233-9A9E-C6CC46323C6D}"
EndProject
Project("{9A19103F-16F7-4668-BE54-9A1E7A4F7556}") = "Sangong.Matching.WebApi", "Services\Sangong\Sangong.Matching.WebApi\Sangong.Matching.WebApi.csproj", "{35AD92FE-D0F7-4623-83DC-8DDFE151670F}"
EndProject
Project("{FAE04EC0-301F-11D3-BF4B-00C04F79EFBC}") = "CollectionTest", "Tests\CollectionTest\CollectionTest.csproj", "{79A2A58E-36DA-44C7-B0CE-DEEAAB65A7C2}"
EndProject
Global
	GlobalSection(SolutionConfigurationPlatforms) = preSolution
		Debug|Any CPU = Debug|Any CPU
		Release|Any CPU = Release|Any CPU
	EndGlobalSection
	GlobalSection(ProjectConfigurationPlatforms) = postSolution
		{69576358-BED6-47B2-8779-3C5B77808DF4}.Debug|Any CPU.ActiveCfg = Debug|Any CPU
		{69576358-BED6-47B2-8779-3C5B77808DF4}.Debug|Any CPU.Build.0 = Debug|Any CPU
		{69576358-BED6-47B2-8779-3C5B77808DF4}.Release|Any CPU.ActiveCfg = Release|Any CPU
		{69576358-BED6-47B2-8779-3C5B77808DF4}.Release|Any CPU.Build.0 = Release|Any CPU
		{42543DCD-44FB-45CD-BFDE-C7C872F6A288}.Debug|Any CPU.ActiveCfg = Debug|Any CPU
		{42543DCD-44FB-45CD-BFDE-C7C872F6A288}.Debug|Any CPU.Build.0 = Debug|Any CPU
		{42543DCD-44FB-45CD-BFDE-C7C872F6A288}.Release|Any CPU.ActiveCfg = Release|Any CPU
		{42543DCD-44FB-45CD-BFDE-C7C872F6A288}.Release|Any CPU.Build.0 = Release|Any CPU
		{012D1D80-67A3-462A-A4B4-2EC20FCC6748}.Debug|Any CPU.ActiveCfg = Debug|Any CPU
		{012D1D80-67A3-462A-A4B4-2EC20FCC6748}.Debug|Any CPU.Build.0 = Debug|Any CPU
		{012D1D80-67A3-462A-A4B4-2EC20FCC6748}.Release|Any CPU.ActiveCfg = Release|Any CPU
		{012D1D80-67A3-462A-A4B4-2EC20FCC6748}.Release|Any CPU.Build.0 = Release|Any CPU
		{99B7E156-5996-449F-8DA2-CA5D76022130}.Debug|Any CPU.ActiveCfg = Debug|Any CPU
		{99B7E156-5996-449F-8DA2-CA5D76022130}.Debug|Any CPU.Build.0 = Debug|Any CPU
		{99B7E156-5996-449F-8DA2-CA5D76022130}.Release|Any CPU.ActiveCfg = Release|Any CPU
		{99B7E156-5996-449F-8DA2-CA5D76022130}.Release|Any CPU.Build.0 = Release|Any CPU
		{B7309D78-8595-4A3E-A269-78BF0BBA28AF}.Debug|Any CPU.ActiveCfg = Debug|Any CPU
		{B7309D78-8595-4A3E-A269-78BF0BBA28AF}.Debug|Any CPU.Build.0 = Debug|Any CPU
		{B7309D78-8595-4A3E-A269-78BF0BBA28AF}.Release|Any CPU.ActiveCfg = Release|Any CPU
		{B7309D78-8595-4A3E-A269-78BF0BBA28AF}.Release|Any CPU.Build.0 = Release|Any CPU
		{1B892894-F7E4-4133-B3EB-42720D5C5E35}.Debug|Any CPU.ActiveCfg = Debug|Any CPU
		{1B892894-F7E4-4133-B3EB-42720D5C5E35}.Debug|Any CPU.Build.0 = Debug|Any CPU
		{1B892894-F7E4-4133-B3EB-42720D5C5E35}.Release|Any CPU.ActiveCfg = Release|Any CPU
		{1B892894-F7E4-4133-B3EB-42720D5C5E35}.Release|Any CPU.Build.0 = Release|Any CPU
		{2B046F27-F857-44B1-A268-D18624DE6561}.Debug|Any CPU.ActiveCfg = Debug|Any CPU
		{2B046F27-F857-44B1-A268-D18624DE6561}.Debug|Any CPU.Build.0 = Debug|Any CPU
		{2B046F27-F857-44B1-A268-D18624DE6561}.Release|Any CPU.ActiveCfg = Release|Any CPU
		{2B046F27-F857-44B1-A268-D18624DE6561}.Release|Any CPU.Build.0 = Release|Any CPU
		{6EB6192C-8192-487A-8F5C-AE05DEE162D5}.Debug|Any CPU.ActiveCfg = Debug|Any CPU
		{6EB6192C-8192-487A-8F5C-AE05DEE162D5}.Debug|Any CPU.Build.0 = Debug|Any CPU
		{6EB6192C-8192-487A-8F5C-AE05DEE162D5}.Release|Any CPU.ActiveCfg = Release|Any CPU
		{6EB6192C-8192-487A-8F5C-AE05DEE162D5}.Release|Any CPU.Build.0 = Release|Any CPU
		{7D28E4B2-C874-49CB-BEBE-84C30B22FC17}.Debug|Any CPU.ActiveCfg = Debug|Any CPU
		{7D28E4B2-C874-49CB-BEBE-84C30B22FC17}.Debug|Any CPU.Build.0 = Debug|Any CPU
		{7D28E4B2-C874-49CB-BEBE-84C30B22FC17}.Release|Any CPU.ActiveCfg = Release|Any CPU
		{7D28E4B2-C874-49CB-BEBE-84C30B22FC17}.Release|Any CPU.Build.0 = Release|Any CPU
		{72ADD107-3C5E-4C5F-A20F-FB222D1686DE}.Debug|Any CPU.ActiveCfg = Debug|Any CPU
		{72ADD107-3C5E-4C5F-A20F-FB222D1686DE}.Debug|Any CPU.Build.0 = Debug|Any CPU
		{72ADD107-3C5E-4C5F-A20F-FB222D1686DE}.Release|Any CPU.ActiveCfg = Release|Any CPU
		{72ADD107-3C5E-4C5F-A20F-FB222D1686DE}.Release|Any CPU.Build.0 = Release|Any CPU
		{80573AB3-74CB-4A4D-A2B2-9C4BE26670C3}.Debug|Any CPU.ActiveCfg = Debug|Any CPU
		{80573AB3-74CB-4A4D-A2B2-9C4BE26670C3}.Debug|Any CPU.Build.0 = Debug|Any CPU
		{80573AB3-74CB-4A4D-A2B2-9C4BE26670C3}.Release|Any CPU.ActiveCfg = Release|Any CPU
		{80573AB3-74CB-4A4D-A2B2-9C4BE26670C3}.Release|Any CPU.Build.0 = Release|Any CPU
		{6C811B69-E1FD-46E2-A473-DEBAFB2262E1}.Debug|Any CPU.ActiveCfg = Debug|Any CPU
		{6C811B69-E1FD-46E2-A473-DEBAFB2262E1}.Debug|Any CPU.Build.0 = Debug|Any CPU
		{6C811B69-E1FD-46E2-A473-DEBAFB2262E1}.Release|Any CPU.ActiveCfg = Release|Any CPU
		{6C811B69-E1FD-46E2-A473-DEBAFB2262E1}.Release|Any CPU.Build.0 = Release|Any CPU
		{A928B3C4-2BFC-4678-B906-638ACCFF702D}.Debug|Any CPU.ActiveCfg = Debug|Any CPU
		{A928B3C4-2BFC-4678-B906-638ACCFF702D}.Debug|Any CPU.Build.0 = Debug|Any CPU
		{A928B3C4-2BFC-4678-B906-638ACCFF702D}.Release|Any CPU.ActiveCfg = Release|Any CPU
		{A928B3C4-2BFC-4678-B906-638ACCFF702D}.Release|Any CPU.Build.0 = Release|Any CPU
		{D7C08DBC-FF6C-4991-AF49-16C0FCA71777}.Debug|Any CPU.ActiveCfg = Debug|Any CPU
		{D7C08DBC-FF6C-4991-AF49-16C0FCA71777}.Debug|Any CPU.Build.0 = Debug|Any CPU
		{D7C08DBC-FF6C-4991-AF49-16C0FCA71777}.Release|Any CPU.ActiveCfg = Release|Any CPU
		{D7C08DBC-FF6C-4991-AF49-16C0FCA71777}.Release|Any CPU.Build.0 = Release|Any CPU
		{CA6E6FAB-62FB-4DA7-8664-C9D4C7FD7232}.Debug|Any CPU.ActiveCfg = Debug|Any CPU
		{CA6E6FAB-62FB-4DA7-8664-C9D4C7FD7232}.Debug|Any CPU.Build.0 = Debug|Any CPU
		{CA6E6FAB-62FB-4DA7-8664-C9D4C7FD7232}.Release|Any CPU.ActiveCfg = Release|Any CPU
		{CA6E6FAB-62FB-4DA7-8664-C9D4C7FD7232}.Release|Any CPU.Build.0 = Release|Any CPU
		{889F8DE0-5EA9-49E8-ADB7-F28953C89B2C}.Debug|Any CPU.ActiveCfg = Debug|Any CPU
		{889F8DE0-5EA9-49E8-ADB7-F28953C89B2C}.Debug|Any CPU.Build.0 = Debug|Any CPU
		{889F8DE0-5EA9-49E8-ADB7-F28953C89B2C}.Release|Any CPU.ActiveCfg = Release|Any CPU
		{889F8DE0-5EA9-49E8-ADB7-F28953C89B2C}.Release|Any CPU.Build.0 = Release|Any CPU
		{51C77BF9-0FB2-46F0-A97F-4707193D63AE}.Debug|Any CPU.ActiveCfg = Debug|Any CPU
		{51C77BF9-0FB2-46F0-A97F-4707193D63AE}.Debug|Any CPU.Build.0 = Debug|Any CPU
		{51C77BF9-0FB2-46F0-A97F-4707193D63AE}.Release|Any CPU.ActiveCfg = Release|Any CPU
		{51C77BF9-0FB2-46F0-A97F-4707193D63AE}.Release|Any CPU.Build.0 = Release|Any CPU
		{D70CE199-79AF-4CEC-A5A8-A68254F757BF}.Debug|Any CPU.ActiveCfg = Debug|Any CPU
		{D70CE199-79AF-4CEC-A5A8-A68254F757BF}.Debug|Any CPU.Build.0 = Debug|Any CPU
		{D70CE199-79AF-4CEC-A5A8-A68254F757BF}.Release|Any CPU.ActiveCfg = Release|Any CPU
		{D70CE199-79AF-4CEC-A5A8-A68254F757BF}.Release|Any CPU.Build.0 = Release|Any CPU
		{245D81FD-2705-4A88-B9BF-1C186F74E8BE}.Debug|Any CPU.ActiveCfg = Debug|Any CPU
		{245D81FD-2705-4A88-B9BF-1C186F74E8BE}.Debug|Any CPU.Build.0 = Debug|Any CPU
		{245D81FD-2705-4A88-B9BF-1C186F74E8BE}.Release|Any CPU.ActiveCfg = Release|Any CPU
		{245D81FD-2705-4A88-B9BF-1C186F74E8BE}.Release|Any CPU.Build.0 = Release|Any CPU
		{4B996339-A367-4497-AD4C-1996EB399163}.Debug|Any CPU.ActiveCfg = Debug|Any CPU
		{4B996339-A367-4497-AD4C-1996EB399163}.Debug|Any CPU.Build.0 = Debug|Any CPU
		{4B996339-A367-4497-AD4C-1996EB399163}.Release|Any CPU.ActiveCfg = Release|Any CPU
		{4B996339-A367-4497-AD4C-1996EB399163}.Release|Any CPU.Build.0 = Release|Any CPU
		{94C49BC5-4FFE-40C7-9A2A-95D5F2FD7955}.Debug|Any CPU.ActiveCfg = Debug|Any CPU
		{94C49BC5-4FFE-40C7-9A2A-95D5F2FD7955}.Debug|Any CPU.Build.0 = Debug|Any CPU
		{94C49BC5-4FFE-40C7-9A2A-95D5F2FD7955}.Release|Any CPU.ActiveCfg = Release|Any CPU
		{94C49BC5-4FFE-40C7-9A2A-95D5F2FD7955}.Release|Any CPU.Build.0 = Release|Any CPU
		{9177DF0B-F34C-4A26-8B76-EDFB863CDC25}.Debug|Any CPU.ActiveCfg = Debug|Any CPU
		{9177DF0B-F34C-4A26-8B76-EDFB863CDC25}.Debug|Any CPU.Build.0 = Debug|Any CPU
		{9177DF0B-F34C-4A26-8B76-EDFB863CDC25}.Release|Any CPU.ActiveCfg = Release|Any CPU
		{9177DF0B-F34C-4A26-8B76-EDFB863CDC25}.Release|Any CPU.Build.0 = Release|Any CPU
		{F33E64E6-8F15-4C5F-AC11-190B31CAC559}.Debug|Any CPU.ActiveCfg = Debug|Any CPU
		{F33E64E6-8F15-4C5F-AC11-190B31CAC559}.Debug|Any CPU.Build.0 = Debug|Any CPU
		{F33E64E6-8F15-4C5F-AC11-190B31CAC559}.Release|Any CPU.ActiveCfg = Release|Any CPU
		{F33E64E6-8F15-4C5F-AC11-190B31CAC559}.Release|Any CPU.Build.0 = Release|Any CPU
		{27AA8948-7692-4FBA-BFAF-11E17164D619}.Debug|Any CPU.ActiveCfg = Debug|Any CPU
		{27AA8948-7692-4FBA-BFAF-11E17164D619}.Debug|Any CPU.Build.0 = Debug|Any CPU
		{27AA8948-7692-4FBA-BFAF-11E17164D619}.Release|Any CPU.ActiveCfg = Release|Any CPU
		{27AA8948-7692-4FBA-BFAF-11E17164D619}.Release|Any CPU.Build.0 = Release|Any CPU
		{1831B8A9-6620-4F0D-B0E4-99C1BE5BF021}.Debug|Any CPU.ActiveCfg = Debug|Any CPU
		{1831B8A9-6620-4F0D-B0E4-99C1BE5BF021}.Debug|Any CPU.Build.0 = Debug|Any CPU
		{1831B8A9-6620-4F0D-B0E4-99C1BE5BF021}.Release|Any CPU.ActiveCfg = Release|Any CPU
		{1831B8A9-6620-4F0D-B0E4-99C1BE5BF021}.Release|Any CPU.Build.0 = Release|Any CPU
		{42509BF6-9E80-4F77-BA0C-71FD6952E6D8}.Debug|Any CPU.ActiveCfg = Debug|Any CPU
		{42509BF6-9E80-4F77-BA0C-71FD6952E6D8}.Debug|Any CPU.Build.0 = Debug|Any CPU
		{42509BF6-9E80-4F77-BA0C-71FD6952E6D8}.Release|Any CPU.ActiveCfg = Release|Any CPU
		{42509BF6-9E80-4F77-BA0C-71FD6952E6D8}.Release|Any CPU.Build.0 = Release|Any CPU
		{2C01A71D-AA05-4CAD-9AEC-A11E61FF699D}.Debug|Any CPU.ActiveCfg = Debug|Any CPU
		{2C01A71D-AA05-4CAD-9AEC-A11E61FF699D}.Debug|Any CPU.Build.0 = Debug|Any CPU
		{2C01A71D-AA05-4CAD-9AEC-A11E61FF699D}.Release|Any CPU.ActiveCfg = Release|Any CPU
		{2C01A71D-AA05-4CAD-9AEC-A11E61FF699D}.Release|Any CPU.Build.0 = Release|Any CPU
		{13438856-15FB-4045-BC7C-5CDE3E0ED760}.Debug|Any CPU.ActiveCfg = Debug|Any CPU
		{13438856-15FB-4045-BC7C-5CDE3E0ED760}.Debug|Any CPU.Build.0 = Debug|Any CPU
		{13438856-15FB-4045-BC7C-5CDE3E0ED760}.Release|Any CPU.ActiveCfg = Release|Any CPU
		{13438856-15FB-4045-BC7C-5CDE3E0ED760}.Release|Any CPU.Build.0 = Release|Any CPU
		{A2D88CED-665A-49BA-A228-C3F6C0CCC6AD}.Debug|Any CPU.ActiveCfg = Debug|Any CPU
		{A2D88CED-665A-49BA-A228-C3F6C0CCC6AD}.Debug|Any CPU.Build.0 = Debug|Any CPU
		{A2D88CED-665A-49BA-A228-C3F6C0CCC6AD}.Release|Any CPU.ActiveCfg = Release|Any CPU
		{A2D88CED-665A-49BA-A228-C3F6C0CCC6AD}.Release|Any CPU.Build.0 = Release|Any CPU
		{83944E28-B221-4E55-A647-99316AFAE02C}.Debug|Any CPU.ActiveCfg = Debug|Any CPU
		{83944E28-B221-4E55-A647-99316AFAE02C}.Debug|Any CPU.Build.0 = Debug|Any CPU
		{83944E28-B221-4E55-A647-99316AFAE02C}.Release|Any CPU.ActiveCfg = Release|Any CPU
		{83944E28-B221-4E55-A647-99316AFAE02C}.Release|Any CPU.Build.0 = Release|Any CPU
		{98F79BE7-EEB3-406C-BFF1-815F4F54075C}.Debug|Any CPU.ActiveCfg = Debug|Any CPU
		{98F79BE7-EEB3-406C-BFF1-815F4F54075C}.Debug|Any CPU.Build.0 = Debug|Any CPU
		{98F79BE7-EEB3-406C-BFF1-815F4F54075C}.Release|Any CPU.ActiveCfg = Release|Any CPU
		{98F79BE7-EEB3-406C-BFF1-815F4F54075C}.Release|Any CPU.Build.0 = Release|Any CPU
		{0EAAAAFA-508D-4677-8D5C-4E18F803CDB9}.Debug|Any CPU.ActiveCfg = Debug|Any CPU
		{0EAAAAFA-508D-4677-8D5C-4E18F803CDB9}.Debug|Any CPU.Build.0 = Debug|Any CPU
		{0EAAAAFA-508D-4677-8D5C-4E18F803CDB9}.Release|Any CPU.ActiveCfg = Release|Any CPU
		{0EAAAAFA-508D-4677-8D5C-4E18F803CDB9}.Release|Any CPU.Build.0 = Release|Any CPU
		{FA2D619D-BF29-469A-9E6C-2C127D15C38C}.Debug|Any CPU.ActiveCfg = Debug|Any CPU
		{FA2D619D-BF29-469A-9E6C-2C127D15C38C}.Debug|Any CPU.Build.0 = Debug|Any CPU
		{FA2D619D-BF29-469A-9E6C-2C127D15C38C}.Release|Any CPU.ActiveCfg = Release|Any CPU
		{FA2D619D-BF29-469A-9E6C-2C127D15C38C}.Release|Any CPU.Build.0 = Release|Any CPU
		{BB7A5C24-84B6-4EA7-9504-0ABBDDAF59E7}.Debug|Any CPU.ActiveCfg = Debug|Any CPU
		{BB7A5C24-84B6-4EA7-9504-0ABBDDAF59E7}.Debug|Any CPU.Build.0 = Debug|Any CPU
		{BB7A5C24-84B6-4EA7-9504-0ABBDDAF59E7}.Release|Any CPU.ActiveCfg = Release|Any CPU
		{BB7A5C24-84B6-4EA7-9504-0ABBDDAF59E7}.Release|Any CPU.Build.0 = Release|Any CPU
		{0E33621D-30E8-447C-BB4A-2435CD6CFAE9}.Debug|Any CPU.ActiveCfg = Debug|Any CPU
		{0E33621D-30E8-447C-BB4A-2435CD6CFAE9}.Debug|Any CPU.Build.0 = Debug|Any CPU
		{0E33621D-30E8-447C-BB4A-2435CD6CFAE9}.Release|Any CPU.ActiveCfg = Release|Any CPU
		{0E33621D-30E8-447C-BB4A-2435CD6CFAE9}.Release|Any CPU.Build.0 = Release|Any CPU
		{AB1E3942-A46E-4233-9A9E-C6CC46323C6D}.Debug|Any CPU.ActiveCfg = Debug|Any CPU
		{AB1E3942-A46E-4233-9A9E-C6CC46323C6D}.Debug|Any CPU.Build.0 = Debug|Any CPU
		{AB1E3942-A46E-4233-9A9E-C6CC46323C6D}.Release|Any CPU.ActiveCfg = Release|Any CPU
		{AB1E3942-A46E-4233-9A9E-C6CC46323C6D}.Release|Any CPU.Build.0 = Release|Any CPU
		{35AD92FE-D0F7-4623-83DC-8DDFE151670F}.Debug|Any CPU.ActiveCfg = Debug|Any CPU
		{35AD92FE-D0F7-4623-83DC-8DDFE151670F}.Debug|Any CPU.Build.0 = Debug|Any CPU
		{35AD92FE-D0F7-4623-83DC-8DDFE151670F}.Release|Any CPU.ActiveCfg = Release|Any CPU
		{35AD92FE-D0F7-4623-83DC-8DDFE151670F}.Release|Any CPU.Build.0 = Release|Any CPU
		{79A2A58E-36DA-44C7-B0CE-DEEAAB65A7C2}.Debug|Any CPU.ActiveCfg = Debug|Any CPU
		{79A2A58E-36DA-44C7-B0CE-DEEAAB65A7C2}.Debug|Any CPU.Build.0 = Debug|Any CPU
		{79A2A58E-36DA-44C7-B0CE-DEEAAB65A7C2}.Release|Any CPU.ActiveCfg = Release|Any CPU
		{79A2A58E-36DA-44C7-B0CE-DEEAAB65A7C2}.Release|Any CPU.Build.0 = Release|Any CPU
	EndGlobalSection
	GlobalSection(SolutionProperties) = preSolution
		HideSolutionNode = FALSE
	EndGlobalSection
	GlobalSection(NestedProjects) = preSolution
		{69576358-BED6-47B2-8779-3C5B77808DF4} = {A540DE55-3F4B-48C0-9AE9-00B08FA4D134}
		{42543DCD-44FB-45CD-BFDE-C7C872F6A288} = {A540DE55-3F4B-48C0-9AE9-00B08FA4D134}
		{012D1D80-67A3-462A-A4B4-2EC20FCC6748} = {A540DE55-3F4B-48C0-9AE9-00B08FA4D134}
		{99B7E156-5996-449F-8DA2-CA5D76022130} = {9D498299-4E5F-4E1C-945B-E8920C38B1D4}
		{9D498299-4E5F-4E1C-945B-E8920C38B1D4} = {619175D8-3AFA-41C5-9AA8-1F198E56AFB7}
		{B7309D78-8595-4A3E-A269-78BF0BBA28AF} = {9D498299-4E5F-4E1C-945B-E8920C38B1D4}
		{1B892894-F7E4-4133-B3EB-42720D5C5E35} = {9D498299-4E5F-4E1C-945B-E8920C38B1D4}
		{2B046F27-F857-44B1-A268-D18624DE6561} = {9D498299-4E5F-4E1C-945B-E8920C38B1D4}
		{6EB6192C-8192-487A-8F5C-AE05DEE162D5} = {37CC1C95-2773-4916-8D99-3759510BA3E1}
		{7D28E4B2-C874-49CB-BEBE-84C30B22FC17} = {37CC1C95-2773-4916-8D99-3759510BA3E1}
		{72ADD107-3C5E-4C5F-A20F-FB222D1686DE} = {37CC1C95-2773-4916-8D99-3759510BA3E1}
		{80573AB3-74CB-4A4D-A2B2-9C4BE26670C3} = {37CC1C95-2773-4916-8D99-3759510BA3E1}
		{6C811B69-E1FD-46E2-A473-DEBAFB2262E1} = {A540DE55-3F4B-48C0-9AE9-00B08FA4D134}
		{A928B3C4-2BFC-4678-B906-638ACCFF702D} = {A540DE55-3F4B-48C0-9AE9-00B08FA4D134}
		{D7C08DBC-FF6C-4991-AF49-16C0FCA71777} = {A540DE55-3F4B-48C0-9AE9-00B08FA4D134}
		{CA6E6FAB-62FB-4DA7-8664-C9D4C7FD7232} = {A540DE55-3F4B-48C0-9AE9-00B08FA4D134}
		{889F8DE0-5EA9-49E8-ADB7-F28953C89B2C} = {A540DE55-3F4B-48C0-9AE9-00B08FA4D134}
		{51C77BF9-0FB2-46F0-A97F-4707193D63AE} = {5B826C61-408A-4984-A949-9F726F619406}
		{D70CE199-79AF-4CEC-A5A8-A68254F757BF} = {A540DE55-3F4B-48C0-9AE9-00B08FA4D134}
		{245D81FD-2705-4A88-B9BF-1C186F74E8BE} = {A540DE55-3F4B-48C0-9AE9-00B08FA4D134}
		{4B996339-A367-4497-AD4C-1996EB399163} = {A540DE55-3F4B-48C0-9AE9-00B08FA4D134}
		{94C49BC5-4FFE-40C7-9A2A-95D5F2FD7955} = {A540DE55-3F4B-48C0-9AE9-00B08FA4D134}
		{423645A4-D7D5-4D97-B9AD-D47EB3DA568F} = {619175D8-3AFA-41C5-9AA8-1F198E56AFB7}
		{9177DF0B-F34C-4A26-8B76-EDFB863CDC25} = {423645A4-D7D5-4D97-B9AD-D47EB3DA568F}
		{F33E64E6-8F15-4C5F-AC11-190B31CAC559} = {423645A4-D7D5-4D97-B9AD-D47EB3DA568F}
		{27AA8948-7692-4FBA-BFAF-11E17164D619} = {423645A4-D7D5-4D97-B9AD-D47EB3DA568F}
		{1831B8A9-6620-4F0D-B0E4-99C1BE5BF021} = {423645A4-D7D5-4D97-B9AD-D47EB3DA568F}
		{F2C20413-5EE9-40C4-A50C-C5CFC8BF4F40} = {619175D8-3AFA-41C5-9AA8-1F198E56AFB7}
		{42509BF6-9E80-4F77-BA0C-71FD6952E6D8} = {F2C20413-5EE9-40C4-A50C-C5CFC8BF4F40}
		{2C01A71D-AA05-4CAD-9AEC-A11E61FF699D} = {F2C20413-5EE9-40C4-A50C-C5CFC8BF4F40}
		{13438856-15FB-4045-BC7C-5CDE3E0ED760} = {F2C20413-5EE9-40C4-A50C-C5CFC8BF4F40}
		{A2D88CED-665A-49BA-A228-C3F6C0CCC6AD} = {F2C20413-5EE9-40C4-A50C-C5CFC8BF4F40}
		{83944E28-B221-4E55-A647-99316AFAE02C} = {423645A4-D7D5-4D97-B9AD-D47EB3DA568F}
		{98F79BE7-EEB3-406C-BFF1-815F4F54075C} = {F2C20413-5EE9-40C4-A50C-C5CFC8BF4F40}
		{B9DEE3AA-28DC-46EF-B91E-BDF24EB918E8} = {619175D8-3AFA-41C5-9AA8-1F198E56AFB7}
		{0EAAAAFA-508D-4677-8D5C-4E18F803CDB9} = {B9DEE3AA-28DC-46EF-B91E-BDF24EB918E8}
		{FA2D619D-BF29-469A-9E6C-2C127D15C38C} = {B9DEE3AA-28DC-46EF-B91E-BDF24EB918E8}
		{BB7A5C24-84B6-4EA7-9504-0ABBDDAF59E7} = {B9DEE3AA-28DC-46EF-B91E-BDF24EB918E8}
		{0E33621D-30E8-447C-BB4A-2435CD6CFAE9} = {B9DEE3AA-28DC-46EF-B91E-BDF24EB918E8}
		{AB1E3942-A46E-4233-9A9E-C6CC46323C6D} = {B9DEE3AA-28DC-46EF-B91E-BDF24EB918E8}
		{35AD92FE-D0F7-4623-83DC-8DDFE151670F} = {B9DEE3AA-28DC-46EF-B91E-BDF24EB918E8}
		{79A2A58E-36DA-44C7-B0CE-DEEAAB65A7C2} = {A540DE55-3F4B-48C0-9AE9-00B08FA4D134}
	EndGlobalSection
	GlobalSection(ExtensibilityGlobals) = postSolution
		SolutionGuid = {B9948BCA-13BE-40A6-AE83-C3AE6645B3A3}
	EndGlobalSection
EndGlobal
